// !$*UTF8*$!
{
	archiveVersion = 1;
	classes = {
	};
	objectVersion = 46;
	objects = {

/* Begin PBXBuildFile section */
		B0133DD01938AFBE007DB236 /* PSSPianoTableView.m in Sources */ = {isa = PBXBuildFile; fileRef = B0133DCF1938AFBE007DB236 /* PSSPianoTableView.m */; };
		B03E97D41940A30500DE10D6 /* aMarimba.mp3 in Resources */ = {isa = PBXBuildFile; fileRef = B03E978E1940A30500DE10D6 /* aMarimba.mp3 */; };
		B03E97D51940A30500DE10D6 /* aPiano3.mp3 in Resources */ = {isa = PBXBuildFile; fileRef = B03E978F1940A30500DE10D6 /* aPiano3.mp3 */; };
		B03E97D61940A30500DE10D6 /* aPiano4.mp3 in Resources */ = {isa = PBXBuildFile; fileRef = B03E97901940A30500DE10D6 /* aPiano4.mp3 */; };
		B03E97D71940A30500DE10D6 /* aPiano5.mp3 in Resources */ = {isa = PBXBuildFile; fileRef = B03E97911940A30500DE10D6 /* aPiano5.mp3 */; };
		B03E97D81940A30500DE10D6 /* asMarimba.mp3 in Resources */ = {isa = PBXBuildFile; fileRef = B03E97921940A30500DE10D6 /* asMarimba.mp3 */; };
		B03E97D91940A30500DE10D6 /* asPiano3.mp3 in Resources */ = {isa = PBXBuildFile; fileRef = B03E97931940A30500DE10D6 /* asPiano3.mp3 */; };
		B03E97DA1940A30500DE10D6 /* asPiano4.mp3 in Resources */ = {isa = PBXBuildFile; fileRef = B03E97941940A30500DE10D6 /* asPiano4.mp3 */; };
		B03E97DB1940A30500DE10D6 /* asPiano5.mp3 in Resources */ = {isa = PBXBuildFile; fileRef = B03E97951940A30500DE10D6 /* asPiano5.mp3 */; };
		B03E97DC1940A30500DE10D6 /* asXylo.mp3 in Resources */ = {isa = PBXBuildFile; fileRef = B03E97961940A30500DE10D6 /* asXylo.mp3 */; };
		B03E97DD1940A30500DE10D6 /* aXylo.mp3 in Resources */ = {isa = PBXBuildFile; fileRef = B03E97971940A30500DE10D6 /* aXylo.mp3 */; };
		B03E97DE1940A30500DE10D6 /* bMarimba.mp3 in Resources */ = {isa = PBXBuildFile; fileRef = B03E97981940A30500DE10D6 /* bMarimba.mp3 */; };
		B03E97DF1940A30500DE10D6 /* bPiano3.mp3 in Resources */ = {isa = PBXBuildFile; fileRef = B03E97991940A30500DE10D6 /* bPiano3.mp3 */; };
		B03E97E01940A30500DE10D6 /* bPiano4.mp3 in Resources */ = {isa = PBXBuildFile; fileRef = B03E979A1940A30500DE10D6 /* bPiano4.mp3 */; };
		B03E97E11940A30500DE10D6 /* bPiano5.mp3 in Resources */ = {isa = PBXBuildFile; fileRef = B03E979B1940A30500DE10D6 /* bPiano5.mp3 */; };
		B03E97E21940A30500DE10D6 /* bXylo.mp3 in Resources */ = {isa = PBXBuildFile; fileRef = B03E979C1940A30500DE10D6 /* bXylo.mp3 */; };
		B03E97E31940A30500DE10D6 /* c2Marimba.mp3 in Resources */ = {isa = PBXBuildFile; fileRef = B03E979D1940A30500DE10D6 /* c2Marimba.mp3 */; };
		B03E97E41940A30500DE10D6 /* c2Piano3.mp3 in Resources */ = {isa = PBXBuildFile; fileRef = B03E979E1940A30500DE10D6 /* c2Piano3.mp3 */; };
		B03E97E51940A30500DE10D6 /* c2Piano4.mp3 in Resources */ = {isa = PBXBuildFile; fileRef = B03E979F1940A30500DE10D6 /* c2Piano4.mp3 */; };
		B03E97E61940A30500DE10D6 /* c2Piano5.mp3 in Resources */ = {isa = PBXBuildFile; fileRef = B03E97A01940A30500DE10D6 /* c2Piano5.mp3 */; };
		B03E97E71940A30500DE10D6 /* c2Xylo.mp3 in Resources */ = {isa = PBXBuildFile; fileRef = B03E97A11940A30500DE10D6 /* c2Xylo.mp3 */; };
		B03E97E81940A30500DE10D6 /* cMarimba.mp3 in Resources */ = {isa = PBXBuildFile; fileRef = B03E97A21940A30500DE10D6 /* cMarimba.mp3 */; };
		B03E97E91940A30500DE10D6 /* cPiano3.mp3 in Resources */ = {isa = PBXBuildFile; fileRef = B03E97A31940A30500DE10D6 /* cPiano3.mp3 */; };
		B03E97EA1940A30500DE10D6 /* cPiano4.mp3 in Resources */ = {isa = PBXBuildFile; fileRef = B03E97A41940A30500DE10D6 /* cPiano4.mp3 */; };
		B03E97EB1940A30500DE10D6 /* cPiano5.mp3 in Resources */ = {isa = PBXBuildFile; fileRef = B03E97A51940A30500DE10D6 /* cPiano5.mp3 */; };
		B03E97EC1940A30500DE10D6 /* cs2Piano5.mp3 in Resources */ = {isa = PBXBuildFile; fileRef = B03E97A61940A30500DE10D6 /* cs2Piano5.mp3 */; };
		B03E97ED1940A30500DE10D6 /* cs2Marimba.mp3 in Resources */ = {isa = PBXBuildFile; fileRef = B03E97A71940A30500DE10D6 /* cs2Marimba.mp3 */; };
		B03E97EE1940A30500DE10D6 /* cs2Piano3.mp3 in Resources */ = {isa = PBXBuildFile; fileRef = B03E97A81940A30500DE10D6 /* cs2Piano3.mp3 */; };
		B03E97EF1940A30500DE10D6 /* cs2Piano4.mp3 in Resources */ = {isa = PBXBuildFile; fileRef = B03E97A91940A30500DE10D6 /* cs2Piano4.mp3 */; };
		B03E97F01940A30500DE10D6 /* cs2Xylo.mp3 in Resources */ = {isa = PBXBuildFile; fileRef = B03E97AA1940A30500DE10D6 /* cs2Xylo.mp3 */; };
		B03E97F11940A30500DE10D6 /* csMarimba.mp3 in Resources */ = {isa = PBXBuildFile; fileRef = B03E97AB1940A30500DE10D6 /* csMarimba.mp3 */; };
		B03E97F21940A30500DE10D6 /* csPiano3.mp3 in Resources */ = {isa = PBXBuildFile; fileRef = B03E97AC1940A30500DE10D6 /* csPiano3.mp3 */; };
		B03E97F31940A30500DE10D6 /* csPiano4.mp3 in Resources */ = {isa = PBXBuildFile; fileRef = B03E97AD1940A30500DE10D6 /* csPiano4.mp3 */; };
		B03E97F41940A30500DE10D6 /* csPiano5.mp3 in Resources */ = {isa = PBXBuildFile; fileRef = B03E97AE1940A30500DE10D6 /* csPiano5.mp3 */; };
		B03E97F51940A30500DE10D6 /* csXylo.mp3 in Resources */ = {isa = PBXBuildFile; fileRef = B03E97AF1940A30500DE10D6 /* csXylo.mp3 */; };
		B03E97F61940A30500DE10D6 /* cXylo.mp3 in Resources */ = {isa = PBXBuildFile; fileRef = B03E97B01940A30500DE10D6 /* cXylo.mp3 */; };
		B03E97F71940A30500DE10D6 /* dMarimba.mp3 in Resources */ = {isa = PBXBuildFile; fileRef = B03E97B11940A30500DE10D6 /* dMarimba.mp3 */; };
		B03E97F81940A30500DE10D6 /* dPiano3.mp3 in Resources */ = {isa = PBXBuildFile; fileRef = B03E97B21940A30500DE10D6 /* dPiano3.mp3 */; };
		B03E97F91940A30500DE10D6 /* dPiano4.mp3 in Resources */ = {isa = PBXBuildFile; fileRef = B03E97B31940A30500DE10D6 /* dPiano4.mp3 */; };
		B03E97FA1940A30500DE10D6 /* dPiano5.mp3 in Resources */ = {isa = PBXBuildFile; fileRef = B03E97B41940A30500DE10D6 /* dPiano5.mp3 */; };
		B03E97FB1940A30500DE10D6 /* dsMarimba.mp3 in Resources */ = {isa = PBXBuildFile; fileRef = B03E97B51940A30500DE10D6 /* dsMarimba.mp3 */; };
		B03E97FC1940A30500DE10D6 /* dsPiano3.mp3 in Resources */ = {isa = PBXBuildFile; fileRef = B03E97B61940A30500DE10D6 /* dsPiano3.mp3 */; };
		B03E97FD1940A30500DE10D6 /* dsPiano4.mp3 in Resources */ = {isa = PBXBuildFile; fileRef = B03E97B71940A30500DE10D6 /* dsPiano4.mp3 */; };
		B03E97FE1940A30500DE10D6 /* dsPiano5.mp3 in Resources */ = {isa = PBXBuildFile; fileRef = B03E97B81940A30500DE10D6 /* dsPiano5.mp3 */; };
		B03E97FF1940A30500DE10D6 /* dsXylo.mp3 in Resources */ = {isa = PBXBuildFile; fileRef = B03E97B91940A30500DE10D6 /* dsXylo.mp3 */; };
		B03E98001940A30500DE10D6 /* dXylo.mp3 in Resources */ = {isa = PBXBuildFile; fileRef = B03E97BA1940A30500DE10D6 /* dXylo.mp3 */; };
		B03E98011940A30500DE10D6 /* eMarimba.mp3 in Resources */ = {isa = PBXBuildFile; fileRef = B03E97BB1940A30500DE10D6 /* eMarimba.mp3 */; };
		B03E98021940A30500DE10D6 /* ePiano3.mp3 in Resources */ = {isa = PBXBuildFile; fileRef = B03E97BC1940A30500DE10D6 /* ePiano3.mp3 */; };
		B03E98031940A30500DE10D6 /* ePiano4.mp3 in Resources */ = {isa = PBXBuildFile; fileRef = B03E97BD1940A30500DE10D6 /* ePiano4.mp3 */; };
		B03E98041940A30500DE10D6 /* ePiano5.mp3 in Resources */ = {isa = PBXBuildFile; fileRef = B03E97BE1940A30500DE10D6 /* ePiano5.mp3 */; };
		B03E98051940A30500DE10D6 /* eXylo.mp3 in Resources */ = {isa = PBXBuildFile; fileRef = B03E97BF1940A30500DE10D6 /* eXylo.mp3 */; };
		B03E98061940A30500DE10D6 /* fMarimba.mp3 in Resources */ = {isa = PBXBuildFile; fileRef = B03E97C01940A30500DE10D6 /* fMarimba.mp3 */; };
		B03E98071940A30500DE10D6 /* fPiano3.mp3 in Resources */ = {isa = PBXBuildFile; fileRef = B03E97C11940A30500DE10D6 /* fPiano3.mp3 */; };
		B03E98081940A30500DE10D6 /* fPiano4.mp3 in Resources */ = {isa = PBXBuildFile; fileRef = B03E97C21940A30500DE10D6 /* fPiano4.mp3 */; };
		B03E98091940A30500DE10D6 /* fPiano5.mp3 in Resources */ = {isa = PBXBuildFile; fileRef = B03E97C31940A30500DE10D6 /* fPiano5.mp3 */; };
		B03E980A1940A30500DE10D6 /* fsMarimba.mp3 in Resources */ = {isa = PBXBuildFile; fileRef = B03E97C41940A30500DE10D6 /* fsMarimba.mp3 */; };
		B03E980B1940A30500DE10D6 /* fsPiano3.mp3 in Resources */ = {isa = PBXBuildFile; fileRef = B03E97C51940A30500DE10D6 /* fsPiano3.mp3 */; };
		B03E980C1940A30500DE10D6 /* fsPiano4.mp3 in Resources */ = {isa = PBXBuildFile; fileRef = B03E97C61940A30500DE10D6 /* fsPiano4.mp3 */; };
		B03E980D1940A30500DE10D6 /* fsPiano5.mp3 in Resources */ = {isa = PBXBuildFile; fileRef = B03E97C71940A30500DE10D6 /* fsPiano5.mp3 */; };
		B03E980E1940A30500DE10D6 /* fsXylo.mp3 in Resources */ = {isa = PBXBuildFile; fileRef = B03E97C81940A30500DE10D6 /* fsXylo.mp3 */; };
		B03E980F1940A30500DE10D6 /* fXylo.mp3 in Resources */ = {isa = PBXBuildFile; fileRef = B03E97C91940A30500DE10D6 /* fXylo.mp3 */; };
		B03E98101940A30500DE10D6 /* gMarimba.mp3 in Resources */ = {isa = PBXBuildFile; fileRef = B03E97CA1940A30500DE10D6 /* gMarimba.mp3 */; };
		B03E98111940A30500DE10D6 /* gPiano3.mp3 in Resources */ = {isa = PBXBuildFile; fileRef = B03E97CB1940A30500DE10D6 /* gPiano3.mp3 */; };
		B03E98121940A30500DE10D6 /* gPiano4.mp3 in Resources */ = {isa = PBXBuildFile; fileRef = B03E97CC1940A30500DE10D6 /* gPiano4.mp3 */; };
		B03E98131940A30500DE10D6 /* gPiano5.mp3 in Resources */ = {isa = PBXBuildFile; fileRef = B03E97CD1940A30500DE10D6 /* gPiano5.mp3 */; };
		B03E98141940A30500DE10D6 /* gsMarimba.mp3 in Resources */ = {isa = PBXBuildFile; fileRef = B03E97CE1940A30500DE10D6 /* gsMarimba.mp3 */; };
		B03E98151940A30500DE10D6 /* gsPiano3.mp3 in Resources */ = {isa = PBXBuildFile; fileRef = B03E97CF1940A30500DE10D6 /* gsPiano3.mp3 */; };
		B03E98161940A30500DE10D6 /* gsPiano4.mp3 in Resources */ = {isa = PBXBuildFile; fileRef = B03E97D01940A30500DE10D6 /* gsPiano4.mp3 */; };
		B03E98171940A30500DE10D6 /* gsPiano5.mp3 in Resources */ = {isa = PBXBuildFile; fileRef = B03E97D11940A30500DE10D6 /* gsPiano5.mp3 */; };
		B03E98181940A30500DE10D6 /* gsXylo.mp3 in Resources */ = {isa = PBXBuildFile; fileRef = B03E97D21940A30500DE10D6 /* gsXylo.mp3 */; };
		B03E98191940A30500DE10D6 /* gXylo.mp3 in Resources */ = {isa = PBXBuildFile; fileRef = B03E97D31940A30500DE10D6 /* gXylo.mp3 */; };
		B03E981C1940A57000DE10D6 /* PSSInstTableView.m in Sources */ = {isa = PBXBuildFile; fileRef = B03E981B1940A57000DE10D6 /* PSSInstTableView.m */; };
		B03E986519414C2600DE10D6 /* lock.png in Resources */ = {isa = PBXBuildFile; fileRef = B03E986419414C2600DE10D6 /* lock.png */; };
		B03E986E1941EF1400DE10D6 /* PSSTableViewCell.m in Sources */ = {isa = PBXBuildFile; fileRef = B03E986D1941EF1400DE10D6 /* PSSTableViewCell.m */; };
		B0523627193A18350068F67D /* PSSBlackDot.m in Sources */ = {isa = PBXBuildFile; fileRef = B0523626193A18350068F67D /* PSSBlackDot.m */; };
		B052362A193A29A40068F67D /* PSSxView.m in Sources */ = {isa = PBXBuildFile; fileRef = B0523629193A29A40068F67D /* PSSxView.m */; };
		B06F54F019357046006B1D72 /* cs2Note.mp3 in Resources */ = {isa = PBXBuildFile; fileRef = B06F54EF19357046006B1D72 /* cs2Note.mp3 */; };
		B094F5B619486E63002D4E15 /* Crashlytics.framework in Frameworks */ = {isa = PBXBuildFile; fileRef = B094F5B519486E63002D4E15 /* Crashlytics.framework */; };
		B0FBA5E11931FBD800AF1C08 /* Foundation.framework in Frameworks */ = {isa = PBXBuildFile; fileRef = B0FBA5E01931FBD800AF1C08 /* Foundation.framework */; };
		B0FBA5E31931FBD800AF1C08 /* CoreGraphics.framework in Frameworks */ = {isa = PBXBuildFile; fileRef = B0FBA5E21931FBD800AF1C08 /* CoreGraphics.framework */; };
		B0FBA5E51931FBD800AF1C08 /* UIKit.framework in Frameworks */ = {isa = PBXBuildFile; fileRef = B0FBA5E41931FBD800AF1C08 /* UIKit.framework */; };
		B0FBA5EB1931FBD800AF1C08 /* InfoPlist.strings in Resources */ = {isa = PBXBuildFile; fileRef = B0FBA5E91931FBD800AF1C08 /* InfoPlist.strings */; };
		B0FBA5ED1931FBD800AF1C08 /* main.m in Sources */ = {isa = PBXBuildFile; fileRef = B0FBA5EC1931FBD800AF1C08 /* main.m */; };
		B0FBA5F11931FBD800AF1C08 /* PSSAppDelegate.m in Sources */ = {isa = PBXBuildFile; fileRef = B0FBA5F01931FBD800AF1C08 /* PSSAppDelegate.m */; };
		B0FBA5F31931FBD800AF1C08 /* Images.xcassets in Resources */ = {isa = PBXBuildFile; fileRef = B0FBA5F21931FBD800AF1C08 /* Images.xcassets */; };
		B0FBA5FA1931FBD800AF1C08 /* XCTest.framework in Frameworks */ = {isa = PBXBuildFile; fileRef = B0FBA5F91931FBD800AF1C08 /* XCTest.framework */; };
		B0FBA5FB1931FBD800AF1C08 /* Foundation.framework in Frameworks */ = {isa = PBXBuildFile; fileRef = B0FBA5E01931FBD800AF1C08 /* Foundation.framework */; };
		B0FBA5FC1931FBD800AF1C08 /* UIKit.framework in Frameworks */ = {isa = PBXBuildFile; fileRef = B0FBA5E41931FBD800AF1C08 /* UIKit.framework */; };
		B0FBA6041931FBD800AF1C08 /* InfoPlist.strings in Resources */ = {isa = PBXBuildFile; fileRef = B0FBA6021931FBD800AF1C08 /* InfoPlist.strings */; };
		B0FBA6061931FBD800AF1C08 /* Piano_Simon_SaysTests.m in Sources */ = {isa = PBXBuildFile; fileRef = B0FBA6051931FBD800AF1C08 /* Piano_Simon_SaysTests.m */; };
		B0FBA6111931FCB300AF1C08 /* PSSPianoViewController.m in Sources */ = {isa = PBXBuildFile; fileRef = B0FBA6101931FCB300AF1C08 /* PSSPianoViewController.m */; };
		B0FBA6351932277000AF1C08 /* PSSPlayer.m in Sources */ = {isa = PBXBuildFile; fileRef = B0FBA6201932276F00AF1C08 /* PSSPlayer.m */; };
		B0FBA66A193267A600AF1C08 /* aNote.mp3 in Resources */ = {isa = PBXBuildFile; fileRef = B0FBA65D193267A600AF1C08 /* aNote.mp3 */; };
		B0FBA66B193267A600AF1C08 /* asNote.mp3 in Resources */ = {isa = PBXBuildFile; fileRef = B0FBA65E193267A600AF1C08 /* asNote.mp3 */; };
		B0FBA66C193267A600AF1C08 /* bNote.mp3 in Resources */ = {isa = PBXBuildFile; fileRef = B0FBA65F193267A600AF1C08 /* bNote.mp3 */; };
		B0FBA66D193267A600AF1C08 /* c2Note.mp3 in Resources */ = {isa = PBXBuildFile; fileRef = B0FBA660193267A600AF1C08 /* c2Note.mp3 */; };
		B0FBA66E193267A600AF1C08 /* cNote.mp3 in Resources */ = {isa = PBXBuildFile; fileRef = B0FBA661193267A600AF1C08 /* cNote.mp3 */; };
		B0FBA66F193267A600AF1C08 /* csNote.mp3 in Resources */ = {isa = PBXBuildFile; fileRef = B0FBA662193267A600AF1C08 /* csNote.mp3 */; };
		B0FBA670193267A600AF1C08 /* dNote.mp3 in Resources */ = {isa = PBXBuildFile; fileRef = B0FBA663193267A600AF1C08 /* dNote.mp3 */; };
		B0FBA671193267A600AF1C08 /* dsNote.mp3 in Resources */ = {isa = PBXBuildFile; fileRef = B0FBA664193267A600AF1C08 /* dsNote.mp3 */; };
		B0FBA672193267A600AF1C08 /* eNote.mp3 in Resources */ = {isa = PBXBuildFile; fileRef = B0FBA665193267A600AF1C08 /* eNote.mp3 */; };
		B0FBA673193267A600AF1C08 /* fNote.mp3 in Resources */ = {isa = PBXBuildFile; fileRef = B0FBA666193267A600AF1C08 /* fNote.mp3 */; };
		B0FBA674193267A600AF1C08 /* fsNote.mp3 in Resources */ = {isa = PBXBuildFile; fileRef = B0FBA667193267A600AF1C08 /* fsNote.mp3 */; };
		B0FBA675193267A600AF1C08 /* gNote.mp3 in Resources */ = {isa = PBXBuildFile; fileRef = B0FBA668193267A600AF1C08 /* gNote.mp3 */; };
		B0FBA676193267A600AF1C08 /* gsNote.mp3 in Resources */ = {isa = PBXBuildFile; fileRef = B0FBA669193267A600AF1C08 /* gsNote.mp3 */; };
/* End PBXBuildFile section */

/* Begin PBXContainerItemProxy section */
		B0FBA5FD1931FBD800AF1C08 /* PBXContainerItemProxy */ = {
			isa = PBXContainerItemProxy;
			containerPortal = B0FBA5D51931FBD800AF1C08 /* Project object */;
			proxyType = 1;
			remoteGlobalIDString = B0FBA5DC1931FBD800AF1C08;
			remoteInfo = "Piano Simon Says";
		};
/* End PBXContainerItemProxy section */

/* Begin PBXFileReference section */
		B0133DCE1938AFBE007DB236 /* PSSPianoTableView.h */ = {isa = PBXFileReference; fileEncoding = 4; lastKnownFileType = sourcecode.c.h; path = PSSPianoTableView.h; sourceTree = "<group>"; };
		B0133DCF1938AFBE007DB236 /* PSSPianoTableView.m */ = {isa = PBXFileReference; fileEncoding = 4; lastKnownFileType = sourcecode.c.objc; path = PSSPianoTableView.m; sourceTree = "<group>"; };
		B03E978E1940A30500DE10D6 /* aMarimba.mp3 */ = {isa = PBXFileReference; lastKnownFileType = audio.mp3; path = aMarimba.mp3; sourceTree = "<group>"; };
		B03E978F1940A30500DE10D6 /* aPiano3.mp3 */ = {isa = PBXFileReference; lastKnownFileType = audio.mp3; path = aPiano3.mp3; sourceTree = "<group>"; };
		B03E97901940A30500DE10D6 /* aPiano4.mp3 */ = {isa = PBXFileReference; lastKnownFileType = audio.mp3; path = aPiano4.mp3; sourceTree = "<group>"; };
		B03E97911940A30500DE10D6 /* aPiano5.mp3 */ = {isa = PBXFileReference; lastKnownFileType = audio.mp3; path = aPiano5.mp3; sourceTree = "<group>"; };
		B03E97921940A30500DE10D6 /* asMarimba.mp3 */ = {isa = PBXFileReference; lastKnownFileType = audio.mp3; path = asMarimba.mp3; sourceTree = "<group>"; };
		B03E97931940A30500DE10D6 /* asPiano3.mp3 */ = {isa = PBXFileReference; lastKnownFileType = audio.mp3; path = asPiano3.mp3; sourceTree = "<group>"; };
		B03E97941940A30500DE10D6 /* asPiano4.mp3 */ = {isa = PBXFileReference; lastKnownFileType = audio.mp3; path = asPiano4.mp3; sourceTree = "<group>"; };
		B03E97951940A30500DE10D6 /* asPiano5.mp3 */ = {isa = PBXFileReference; lastKnownFileType = audio.mp3; path = asPiano5.mp3; sourceTree = "<group>"; };
		B03E97961940A30500DE10D6 /* asXylo.mp3 */ = {isa = PBXFileReference; lastKnownFileType = audio.mp3; path = asXylo.mp3; sourceTree = "<group>"; };
		B03E97971940A30500DE10D6 /* aXylo.mp3 */ = {isa = PBXFileReference; lastKnownFileType = audio.mp3; path = aXylo.mp3; sourceTree = "<group>"; };
		B03E97981940A30500DE10D6 /* bMarimba.mp3 */ = {isa = PBXFileReference; lastKnownFileType = audio.mp3; path = bMarimba.mp3; sourceTree = "<group>"; };
		B03E97991940A30500DE10D6 /* bPiano3.mp3 */ = {isa = PBXFileReference; lastKnownFileType = audio.mp3; path = bPiano3.mp3; sourceTree = "<group>"; };
		B03E979A1940A30500DE10D6 /* bPiano4.mp3 */ = {isa = PBXFileReference; lastKnownFileType = audio.mp3; path = bPiano4.mp3; sourceTree = "<group>"; };
		B03E979B1940A30500DE10D6 /* bPiano5.mp3 */ = {isa = PBXFileReference; lastKnownFileType = audio.mp3; path = bPiano5.mp3; sourceTree = "<group>"; };
		B03E979C1940A30500DE10D6 /* bXylo.mp3 */ = {isa = PBXFileReference; lastKnownFileType = audio.mp3; path = bXylo.mp3; sourceTree = "<group>"; };
		B03E979D1940A30500DE10D6 /* c2Marimba.mp3 */ = {isa = PBXFileReference; lastKnownFileType = audio.mp3; path = c2Marimba.mp3; sourceTree = "<group>"; };
		B03E979E1940A30500DE10D6 /* c2Piano3.mp3 */ = {isa = PBXFileReference; lastKnownFileType = audio.mp3; path = c2Piano3.mp3; sourceTree = "<group>"; };
		B03E979F1940A30500DE10D6 /* c2Piano4.mp3 */ = {isa = PBXFileReference; lastKnownFileType = audio.mp3; path = c2Piano4.mp3; sourceTree = "<group>"; };
		B03E97A01940A30500DE10D6 /* c2Piano5.mp3 */ = {isa = PBXFileReference; lastKnownFileType = audio.mp3; path = c2Piano5.mp3; sourceTree = "<group>"; };
		B03E97A11940A30500DE10D6 /* c2Xylo.mp3 */ = {isa = PBXFileReference; lastKnownFileType = audio.mp3; path = c2Xylo.mp3; sourceTree = "<group>"; };
		B03E97A21940A30500DE10D6 /* cMarimba.mp3 */ = {isa = PBXFileReference; lastKnownFileType = audio.mp3; path = cMarimba.mp3; sourceTree = "<group>"; };
		B03E97A31940A30500DE10D6 /* cPiano3.mp3 */ = {isa = PBXFileReference; lastKnownFileType = audio.mp3; path = cPiano3.mp3; sourceTree = "<group>"; };
		B03E97A41940A30500DE10D6 /* cPiano4.mp3 */ = {isa = PBXFileReference; lastKnownFileType = audio.mp3; path = cPiano4.mp3; sourceTree = "<group>"; };
		B03E97A51940A30500DE10D6 /* cPiano5.mp3 */ = {isa = PBXFileReference; lastKnownFileType = audio.mp3; path = cPiano5.mp3; sourceTree = "<group>"; };
		B03E97A61940A30500DE10D6 /* cs2Piano5.mp3 */ = {isa = PBXFileReference; lastKnownFileType = audio.mp3; path = cs2Piano5.mp3; sourceTree = "<group>"; };
		B03E97A71940A30500DE10D6 /* cs2Marimba.mp3 */ = {isa = PBXFileReference; lastKnownFileType = audio.mp3; path = cs2Marimba.mp3; sourceTree = "<group>"; };
		B03E97A81940A30500DE10D6 /* cs2Piano3.mp3 */ = {isa = PBXFileReference; lastKnownFileType = audio.mp3; path = cs2Piano3.mp3; sourceTree = "<group>"; };
		B03E97A91940A30500DE10D6 /* cs2Piano4.mp3 */ = {isa = PBXFileReference; lastKnownFileType = audio.mp3; path = cs2Piano4.mp3; sourceTree = "<group>"; };
		B03E97AA1940A30500DE10D6 /* cs2Xylo.mp3 */ = {isa = PBXFileReference; lastKnownFileType = audio.mp3; path = cs2Xylo.mp3; sourceTree = "<group>"; };
		B03E97AB1940A30500DE10D6 /* csMarimba.mp3 */ = {isa = PBXFileReference; lastKnownFileType = audio.mp3; path = csMarimba.mp3; sourceTree = "<group>"; };
		B03E97AC1940A30500DE10D6 /* csPiano3.mp3 */ = {isa = PBXFileReference; lastKnownFileType = audio.mp3; path = csPiano3.mp3; sourceTree = "<group>"; };
		B03E97AD1940A30500DE10D6 /* csPiano4.mp3 */ = {isa = PBXFileReference; lastKnownFileType = audio.mp3; path = csPiano4.mp3; sourceTree = "<group>"; };
		B03E97AE1940A30500DE10D6 /* csPiano5.mp3 */ = {isa = PBXFileReference; lastKnownFileType = audio.mp3; path = csPiano5.mp3; sourceTree = "<group>"; };
		B03E97AF1940A30500DE10D6 /* csXylo.mp3 */ = {isa = PBXFileReference; lastKnownFileType = audio.mp3; path = csXylo.mp3; sourceTree = "<group>"; };
		B03E97B01940A30500DE10D6 /* cXylo.mp3 */ = {isa = PBXFileReference; lastKnownFileType = audio.mp3; path = cXylo.mp3; sourceTree = "<group>"; };
		B03E97B11940A30500DE10D6 /* dMarimba.mp3 */ = {isa = PBXFileReference; lastKnownFileType = audio.mp3; path = dMarimba.mp3; sourceTree = "<group>"; };
		B03E97B21940A30500DE10D6 /* dPiano3.mp3 */ = {isa = PBXFileReference; lastKnownFileType = audio.mp3; path = dPiano3.mp3; sourceTree = "<group>"; };
		B03E97B31940A30500DE10D6 /* dPiano4.mp3 */ = {isa = PBXFileReference; lastKnownFileType = audio.mp3; path = dPiano4.mp3; sourceTree = "<group>"; };
		B03E97B41940A30500DE10D6 /* dPiano5.mp3 */ = {isa = PBXFileReference; lastKnownFileType = audio.mp3; path = dPiano5.mp3; sourceTree = "<group>"; };
		B03E97B51940A30500DE10D6 /* dsMarimba.mp3 */ = {isa = PBXFileReference; lastKnownFileType = audio.mp3; path = dsMarimba.mp3; sourceTree = "<group>"; };
		B03E97B61940A30500DE10D6 /* dsPiano3.mp3 */ = {isa = PBXFileReference; lastKnownFileType = audio.mp3; path = dsPiano3.mp3; sourceTree = "<group>"; };
		B03E97B71940A30500DE10D6 /* dsPiano4.mp3 */ = {isa = PBXFileReference; lastKnownFileType = audio.mp3; path = dsPiano4.mp3; sourceTree = "<group>"; };
		B03E97B81940A30500DE10D6 /* dsPiano5.mp3 */ = {isa = PBXFileReference; lastKnownFileType = audio.mp3; path = dsPiano5.mp3; sourceTree = "<group>"; };
		B03E97B91940A30500DE10D6 /* dsXylo.mp3 */ = {isa = PBXFileReference; lastKnownFileType = audio.mp3; path = dsXylo.mp3; sourceTree = "<group>"; };
		B03E97BA1940A30500DE10D6 /* dXylo.mp3 */ = {isa = PBXFileReference; lastKnownFileType = audio.mp3; path = dXylo.mp3; sourceTree = "<group>"; };
		B03E97BB1940A30500DE10D6 /* eMarimba.mp3 */ = {isa = PBXFileReference; lastKnownFileType = audio.mp3; path = eMarimba.mp3; sourceTree = "<group>"; };
		B03E97BC1940A30500DE10D6 /* ePiano3.mp3 */ = {isa = PBXFileReference; lastKnownFileType = audio.mp3; path = ePiano3.mp3; sourceTree = "<group>"; };
		B03E97BD1940A30500DE10D6 /* ePiano4.mp3 */ = {isa = PBXFileReference; lastKnownFileType = audio.mp3; path = ePiano4.mp3; sourceTree = "<group>"; };
		B03E97BE1940A30500DE10D6 /* ePiano5.mp3 */ = {isa = PBXFileReference; lastKnownFileType = audio.mp3; path = ePiano5.mp3; sourceTree = "<group>"; };
		B03E97BF1940A30500DE10D6 /* eXylo.mp3 */ = {isa = PBXFileReference; lastKnownFileType = audio.mp3; path = eXylo.mp3; sourceTree = "<group>"; };
		B03E97C01940A30500DE10D6 /* fMarimba.mp3 */ = {isa = PBXFileReference; lastKnownFileType = audio.mp3; path = fMarimba.mp3; sourceTree = "<group>"; };
		B03E97C11940A30500DE10D6 /* fPiano3.mp3 */ = {isa = PBXFileReference; lastKnownFileType = audio.mp3; path = fPiano3.mp3; sourceTree = "<group>"; };
		B03E97C21940A30500DE10D6 /* fPiano4.mp3 */ = {isa = PBXFileReference; lastKnownFileType = audio.mp3; path = fPiano4.mp3; sourceTree = "<group>"; };
		B03E97C31940A30500DE10D6 /* fPiano5.mp3 */ = {isa = PBXFileReference; lastKnownFileType = audio.mp3; path = fPiano5.mp3; sourceTree = "<group>"; };
		B03E97C41940A30500DE10D6 /* fsMarimba.mp3 */ = {isa = PBXFileReference; lastKnownFileType = audio.mp3; path = fsMarimba.mp3; sourceTree = "<group>"; };
		B03E97C51940A30500DE10D6 /* fsPiano3.mp3 */ = {isa = PBXFileReference; lastKnownFileType = audio.mp3; path = fsPiano3.mp3; sourceTree = "<group>"; };
		B03E97C61940A30500DE10D6 /* fsPiano4.mp3 */ = {isa = PBXFileReference; lastKnownFileType = audio.mp3; path = fsPiano4.mp3; sourceTree = "<group>"; };
		B03E97C71940A30500DE10D6 /* fsPiano5.mp3 */ = {isa = PBXFileReference; lastKnownFileType = audio.mp3; path = fsPiano5.mp3; sourceTree = "<group>"; };
		B03E97C81940A30500DE10D6 /* fsXylo.mp3 */ = {isa = PBXFileReference; lastKnownFileType = audio.mp3; path = fsXylo.mp3; sourceTree = "<group>"; };
		B03E97C91940A30500DE10D6 /* fXylo.mp3 */ = {isa = PBXFileReference; lastKnownFileType = audio.mp3; path = fXylo.mp3; sourceTree = "<group>"; };
		B03E97CA1940A30500DE10D6 /* gMarimba.mp3 */ = {isa = PBXFileReference; lastKnownFileType = audio.mp3; path = gMarimba.mp3; sourceTree = "<group>"; };
		B03E97CB1940A30500DE10D6 /* gPiano3.mp3 */ = {isa = PBXFileReference; lastKnownFileType = audio.mp3; path = gPiano3.mp3; sourceTree = "<group>"; };
		B03E97CC1940A30500DE10D6 /* gPiano4.mp3 */ = {isa = PBXFileReference; lastKnownFileType = audio.mp3; path = gPiano4.mp3; sourceTree = "<group>"; };
		B03E97CD1940A30500DE10D6 /* gPiano5.mp3 */ = {isa = PBXFileReference; lastKnownFileType = audio.mp3; path = gPiano5.mp3; sourceTree = "<group>"; };
		B03E97CE1940A30500DE10D6 /* gsMarimba.mp3 */ = {isa = PBXFileReference; lastKnownFileType = audio.mp3; path = gsMarimba.mp3; sourceTree = "<group>"; };
		B03E97CF1940A30500DE10D6 /* gsPiano3.mp3 */ = {isa = PBXFileReference; lastKnownFileType = audio.mp3; path = gsPiano3.mp3; sourceTree = "<group>"; };
		B03E97D01940A30500DE10D6 /* gsPiano4.mp3 */ = {isa = PBXFileReference; lastKnownFileType = audio.mp3; path = gsPiano4.mp3; sourceTree = "<group>"; };
		B03E97D11940A30500DE10D6 /* gsPiano5.mp3 */ = {isa = PBXFileReference; lastKnownFileType = audio.mp3; path = gsPiano5.mp3; sourceTree = "<group>"; };
		B03E97D21940A30500DE10D6 /* gsXylo.mp3 */ = {isa = PBXFileReference; lastKnownFileType = audio.mp3; path = gsXylo.mp3; sourceTree = "<group>"; };
		B03E97D31940A30500DE10D6 /* gXylo.mp3 */ = {isa = PBXFileReference; lastKnownFileType = audio.mp3; path = gXylo.mp3; sourceTree = "<group>"; };
		B03E981A1940A57000DE10D6 /* PSSInstTableView.h */ = {isa = PBXFileReference; fileEncoding = 4; lastKnownFileType = sourcecode.c.h; name = PSSInstTableView.h; path = ../PSSInstTableView.h; sourceTree = "<group>"; };
		B03E981B1940A57000DE10D6 /* PSSInstTableView.m */ = {isa = PBXFileReference; fileEncoding = 4; lastKnownFileType = sourcecode.c.objc; name = PSSInstTableView.m; path = ../PSSInstTableView.m; sourceTree = "<group>"; };
		B03E986419414C2600DE10D6 /* lock.png */ = {isa = PBXFileReference; lastKnownFileType = image.png; path = lock.png; sourceTree = "<group>"; };
		B03E986C1941EF1400DE10D6 /* PSSTableViewCell.h */ = {isa = PBXFileReference; fileEncoding = 4; lastKnownFileType = sourcecode.c.h; name = PSSTableViewCell.h; path = ../PSSTableViewCell.h; sourceTree = "<group>"; };
		B03E986D1941EF1400DE10D6 /* PSSTableViewCell.m */ = {isa = PBXFileReference; fileEncoding = 4; lastKnownFileType = sourcecode.c.objc; name = PSSTableViewCell.m; path = ../PSSTableViewCell.m; sourceTree = "<group>"; };
		B0523625193A18350068F67D /* PSSBlackDot.h */ = {isa = PBXFileReference; fileEncoding = 4; lastKnownFileType = sourcecode.c.h; path = PSSBlackDot.h; sourceTree = "<group>"; };
		B0523626193A18350068F67D /* PSSBlackDot.m */ = {isa = PBXFileReference; fileEncoding = 4; lastKnownFileType = sourcecode.c.objc; path = PSSBlackDot.m; sourceTree = "<group>"; };
		B0523628193A29920068F67D /* PSSxView.h */ = {isa = PBXFileReference; fileEncoding = 4; lastKnownFileType = sourcecode.c.h; path = PSSxView.h; sourceTree = "<group>"; };
		B0523629193A29A40068F67D /* PSSxView.m */ = {isa = PBXFileReference; fileEncoding = 4; lastKnownFileType = sourcecode.c.objc; path = PSSxView.m; sourceTree = "<group>"; };
		B06F54EF19357046006B1D72 /* cs2Note.mp3 */ = {isa = PBXFileReference; lastKnownFileType = audio.mp3; path = cs2Note.mp3; sourceTree = "<group>"; };
		B094F5B519486E63002D4E15 /* Crashlytics.framework */ = {isa = PBXFileReference; lastKnownFileType = wrapper.framework; path = Crashlytics.framework; sourceTree = "<group>"; };
		B0FBA5DD1931FBD800AF1C08 /* piano ♪ says.app */ = {isa = PBXFileReference; explicitFileType = wrapper.application; includeInIndex = 0; path = "piano ♪ says.app"; sourceTree = BUILT_PRODUCTS_DIR; };
		B0FBA5E01931FBD800AF1C08 /* Foundation.framework */ = {isa = PBXFileReference; lastKnownFileType = wrapper.framework; name = Foundation.framework; path = System/Library/Frameworks/Foundation.framework; sourceTree = SDKROOT; };
		B0FBA5E21931FBD800AF1C08 /* CoreGraphics.framework */ = {isa = PBXFileReference; lastKnownFileType = wrapper.framework; name = CoreGraphics.framework; path = System/Library/Frameworks/CoreGraphics.framework; sourceTree = SDKROOT; };
		B0FBA5E41931FBD800AF1C08 /* UIKit.framework */ = {isa = PBXFileReference; lastKnownFileType = wrapper.framework; name = UIKit.framework; path = System/Library/Frameworks/UIKit.framework; sourceTree = SDKROOT; };
		B0FBA5E81931FBD800AF1C08 /* Piano Simon Says-Info.plist */ = {isa = PBXFileReference; lastKnownFileType = text.plist.xml; path = "Piano Simon Says-Info.plist"; sourceTree = "<group>"; };
		B0FBA5EA1931FBD800AF1C08 /* en */ = {isa = PBXFileReference; lastKnownFileType = text.plist.strings; name = en; path = en.lproj/InfoPlist.strings; sourceTree = "<group>"; };
		B0FBA5EC1931FBD800AF1C08 /* main.m */ = {isa = PBXFileReference; lastKnownFileType = sourcecode.c.objc; path = main.m; sourceTree = "<group>"; };
		B0FBA5EE1931FBD800AF1C08 /* Piano Simon Says-Prefix.pch */ = {isa = PBXFileReference; lastKnownFileType = sourcecode.c.h; path = "Piano Simon Says-Prefix.pch"; sourceTree = "<group>"; };
		B0FBA5EF1931FBD800AF1C08 /* PSSAppDelegate.h */ = {isa = PBXFileReference; lastKnownFileType = sourcecode.c.h; path = PSSAppDelegate.h; sourceTree = "<group>"; };
		B0FBA5F01931FBD800AF1C08 /* PSSAppDelegate.m */ = {isa = PBXFileReference; lastKnownFileType = sourcecode.c.objc; path = PSSAppDelegate.m; sourceTree = "<group>"; };
		B0FBA5F21931FBD800AF1C08 /* Images.xcassets */ = {isa = PBXFileReference; lastKnownFileType = folder.assetcatalog; path = Images.xcassets; sourceTree = "<group>"; };
		B0FBA5F81931FBD800AF1C08 /* Piano Simon SaysTests.xctest */ = {isa = PBXFileReference; explicitFileType = wrapper.cfbundle; includeInIndex = 0; path = "Piano Simon SaysTests.xctest"; sourceTree = BUILT_PRODUCTS_DIR; };
		B0FBA5F91931FBD800AF1C08 /* XCTest.framework */ = {isa = PBXFileReference; lastKnownFileType = wrapper.framework; name = XCTest.framework; path = Library/Frameworks/XCTest.framework; sourceTree = DEVELOPER_DIR; };
		B0FBA6011931FBD800AF1C08 /* Piano Simon SaysTests-Info.plist */ = {isa = PBXFileReference; lastKnownFileType = text.plist.xml; path = "Piano Simon SaysTests-Info.plist"; sourceTree = "<group>"; };
		B0FBA6031931FBD800AF1C08 /* en */ = {isa = PBXFileReference; lastKnownFileType = text.plist.strings; name = en; path = en.lproj/InfoPlist.strings; sourceTree = "<group>"; };
		B0FBA6051931FBD800AF1C08 /* Piano_Simon_SaysTests.m */ = {isa = PBXFileReference; lastKnownFileType = sourcecode.c.objc; path = Piano_Simon_SaysTests.m; sourceTree = "<group>"; };
		B0FBA60F1931FCB300AF1C08 /* PSSPianoViewController.h */ = {isa = PBXFileReference; fileEncoding = 4; lastKnownFileType = sourcecode.c.h; path = PSSPianoViewController.h; sourceTree = "<group>"; };
		B0FBA6101931FCB300AF1C08 /* PSSPianoViewController.m */ = {isa = PBXFileReference; fileEncoding = 4; lastKnownFileType = sourcecode.c.objc; path = PSSPianoViewController.m; sourceTree = "<group>"; };
		B0FBA61F1932276F00AF1C08 /* PSSPlayer.h */ = {isa = PBXFileReference; fileEncoding = 4; lastKnownFileType = sourcecode.c.h; path = PSSPlayer.h; sourceTree = "<group>"; };
		B0FBA6201932276F00AF1C08 /* PSSPlayer.m */ = {isa = PBXFileReference; fileEncoding = 4; lastKnownFileType = sourcecode.c.objc; path = PSSPlayer.m; sourceTree = "<group>"; };
		B0FBA65D193267A600AF1C08 /* aNote.mp3 */ = {isa = PBXFileReference; lastKnownFileType = audio.mp3; path = aNote.mp3; sourceTree = "<group>"; };
		B0FBA65E193267A600AF1C08 /* asNote.mp3 */ = {isa = PBXFileReference; lastKnownFileType = audio.mp3; path = asNote.mp3; sourceTree = "<group>"; };
		B0FBA65F193267A600AF1C08 /* bNote.mp3 */ = {isa = PBXFileReference; lastKnownFileType = audio.mp3; path = bNote.mp3; sourceTree = "<group>"; };
		B0FBA660193267A600AF1C08 /* c2Note.mp3 */ = {isa = PBXFileReference; lastKnownFileType = audio.mp3; path = c2Note.mp3; sourceTree = "<group>"; };
		B0FBA661193267A600AF1C08 /* cNote.mp3 */ = {isa = PBXFileReference; lastKnownFileType = audio.mp3; path = cNote.mp3; sourceTree = "<group>"; };
		B0FBA662193267A600AF1C08 /* csNote.mp3 */ = {isa = PBXFileReference; lastKnownFileType = audio.mp3; path = csNote.mp3; sourceTree = "<group>"; };
		B0FBA663193267A600AF1C08 /* dNote.mp3 */ = {isa = PBXFileReference; lastKnownFileType = audio.mp3; path = dNote.mp3; sourceTree = "<group>"; };
		B0FBA664193267A600AF1C08 /* dsNote.mp3 */ = {isa = PBXFileReference; lastKnownFileType = audio.mp3; path = dsNote.mp3; sourceTree = "<group>"; };
		B0FBA665193267A600AF1C08 /* eNote.mp3 */ = {isa = PBXFileReference; lastKnownFileType = audio.mp3; path = eNote.mp3; sourceTree = "<group>"; };
		B0FBA666193267A600AF1C08 /* fNote.mp3 */ = {isa = PBXFileReference; lastKnownFileType = audio.mp3; path = fNote.mp3; sourceTree = "<group>"; };
		B0FBA667193267A600AF1C08 /* fsNote.mp3 */ = {isa = PBXFileReference; lastKnownFileType = audio.mp3; path = fsNote.mp3; sourceTree = "<group>"; };
		B0FBA668193267A600AF1C08 /* gNote.mp3 */ = {isa = PBXFileReference; lastKnownFileType = audio.mp3; path = gNote.mp3; sourceTree = "<group>"; };
		B0FBA669193267A600AF1C08 /* gsNote.mp3 */ = {isa = PBXFileReference; lastKnownFileType = audio.mp3; path = gsNote.mp3; sourceTree = "<group>"; };
/* End PBXFileReference section */

/* Begin PBXFrameworksBuildPhase section */
		B0FBA5DA1931FBD800AF1C08 /* Frameworks */ = {
			isa = PBXFrameworksBuildPhase;
			buildActionMask = 2147483647;
			files = (
				B0FBA5E31931FBD800AF1C08 /* CoreGraphics.framework in Frameworks */,
				B0FBA5E51931FBD800AF1C08 /* UIKit.framework in Frameworks */,
				B094F5B619486E63002D4E15 /* Crashlytics.framework in Frameworks */,
				B0FBA5E11931FBD800AF1C08 /* Foundation.framework in Frameworks */,
			);
			runOnlyForDeploymentPostprocessing = 0;
		};
		B0FBA5F51931FBD800AF1C08 /* Frameworks */ = {
			isa = PBXFrameworksBuildPhase;
			buildActionMask = 2147483647;
			files = (
				B0FBA5FA1931FBD800AF1C08 /* XCTest.framework in Frameworks */,
				B0FBA5FC1931FBD800AF1C08 /* UIKit.framework in Frameworks */,
				B0FBA5FB1931FBD800AF1C08 /* Foundation.framework in Frameworks */,
			);
			runOnlyForDeploymentPostprocessing = 0;
		};
/* End PBXFrameworksBuildPhase section */

/* Begin PBXGroup section */
		B0FBA5D41931FBD800AF1C08 = {
			isa = PBXGroup;
			children = (
				B0FBA640193257D400AF1C08 /* Samples */,
				B0FBA61519321E9200AF1C08 /* Player */,
				B0FBA5E61931FBD800AF1C08 /* Piano Simon Says */,
				B0FBA5FF1931FBD800AF1C08 /* Piano Simon SaysTests */,
				B0FBA5DF1931FBD800AF1C08 /* Frameworks */,
				B0FBA5DE1931FBD800AF1C08 /* Products */,
			);
			sourceTree = "<group>";
		};
		B0FBA5DE1931FBD800AF1C08 /* Products */ = {
			isa = PBXGroup;
			children = (
				B0FBA5DD1931FBD800AF1C08 /* piano ♪ says.app */,
				B0FBA5F81931FBD800AF1C08 /* Piano Simon SaysTests.xctest */,
			);
			name = Products;
			sourceTree = "<group>";
		};
		B0FBA5DF1931FBD800AF1C08 /* Frameworks */ = {
			isa = PBXGroup;
			children = (
				B094F5B519486E63002D4E15 /* Crashlytics.framework */,
				B0FBA5E01931FBD800AF1C08 /* Foundation.framework */,
				B0FBA5E21931FBD800AF1C08 /* CoreGraphics.framework */,
				B0FBA5E41931FBD800AF1C08 /* UIKit.framework */,
				B0FBA5F91931FBD800AF1C08 /* XCTest.framework */,
			);
			name = Frameworks;
			sourceTree = "<group>";
		};
		B0FBA5E61931FBD800AF1C08 /* Piano Simon Says */ = {
			isa = PBXGroup;
			children = (
				B0FBA60F1931FCB300AF1C08 /* PSSPianoViewController.h */,
				B0FBA6101931FCB300AF1C08 /* PSSPianoViewController.m */,
				B0133DCE1938AFBE007DB236 /* PSSPianoTableView.h */,
				B0133DCF1938AFBE007DB236 /* PSSPianoTableView.m */,
				B03E986C1941EF1400DE10D6 /* PSSTableViewCell.h */,
				B03E986D1941EF1400DE10D6 /* PSSTableViewCell.m */,
				B03E981A1940A57000DE10D6 /* PSSInstTableView.h */,
				B03E981B1940A57000DE10D6 /* PSSInstTableView.m */,
				B0FBA5EF1931FBD800AF1C08 /* PSSAppDelegate.h */,
				B0FBA5F01931FBD800AF1C08 /* PSSAppDelegate.m */,
				B0FBA5F21931FBD800AF1C08 /* Images.xcassets */,
				B0FBA5E71931FBD800AF1C08 /* Supporting Files */,
			);
			path = "Piano Simon Says";
			sourceTree = "<group>";
		};
		B0FBA5E71931FBD800AF1C08 /* Supporting Files */ = {
			isa = PBXGroup;
			children = (
				B03E986419414C2600DE10D6 /* lock.png */,
				B0523625193A18350068F67D /* PSSBlackDot.h */,
				B0523626193A18350068F67D /* PSSBlackDot.m */,
				B0523628193A29920068F67D /* PSSxView.h */,
				B0523629193A29A40068F67D /* PSSxView.m */,
				B0FBA5E81931FBD800AF1C08 /* Piano Simon Says-Info.plist */,
				B0FBA5E91931FBD800AF1C08 /* InfoPlist.strings */,
				B0FBA5EC1931FBD800AF1C08 /* main.m */,
				B0FBA5EE1931FBD800AF1C08 /* Piano Simon Says-Prefix.pch */,
			);
			name = "Supporting Files";
			sourceTree = "<group>";
		};
		B0FBA5FF1931FBD800AF1C08 /* Piano Simon SaysTests */ = {
			isa = PBXGroup;
			children = (
				B0FBA6051931FBD800AF1C08 /* Piano_Simon_SaysTests.m */,
				B0FBA6001931FBD800AF1C08 /* Supporting Files */,
			);
			path = "Piano Simon SaysTests";
			sourceTree = "<group>";
		};
		B0FBA6001931FBD800AF1C08 /* Supporting Files */ = {
			isa = PBXGroup;
			children = (
				B0FBA6011931FBD800AF1C08 /* Piano Simon SaysTests-Info.plist */,
				B0FBA6021931FBD800AF1C08 /* InfoPlist.strings */,
			);
			name = "Supporting Files";
			sourceTree = "<group>";
		};
		B0FBA61519321E9200AF1C08 /* Player */ = {
			isa = PBXGroup;
			children = (
				B0FBA61F1932276F00AF1C08 /* PSSPlayer.h */,
				B0FBA6201932276F00AF1C08 /* PSSPlayer.m */,
			);
			name = Player;
			sourceTree = "<group>";
		};
		B0FBA640193257D400AF1C08 /* Samples */ = {
			isa = PBXGroup;
			children = (
				B0FBA65B1932676D00AF1C08 /* mp3 */,
			);
			name = Samples;
			sourceTree = "<group>";
		};
		B0FBA65B1932676D00AF1C08 /* mp3 */ = {
			isa = PBXGroup;
			children = (
				B03E978E1940A30500DE10D6 /* aMarimba.mp3 */,
				B03E978F1940A30500DE10D6 /* aPiano3.mp3 */,
				B03E97901940A30500DE10D6 /* aPiano4.mp3 */,
				B03E97911940A30500DE10D6 /* aPiano5.mp3 */,
				B03E97921940A30500DE10D6 /* asMarimba.mp3 */,
				B03E97931940A30500DE10D6 /* asPiano3.mp3 */,
				B03E97941940A30500DE10D6 /* asPiano4.mp3 */,
				B03E97951940A30500DE10D6 /* asPiano5.mp3 */,
				B03E97961940A30500DE10D6 /* asXylo.mp3 */,
				B03E97971940A30500DE10D6 /* aXylo.mp3 */,
				B03E97981940A30500DE10D6 /* bMarimba.mp3 */,
				B03E97991940A30500DE10D6 /* bPiano3.mp3 */,
				B03E979A1940A30500DE10D6 /* bPiano4.mp3 */,
				B03E979B1940A30500DE10D6 /* bPiano5.mp3 */,
				B03E979C1940A30500DE10D6 /* bXylo.mp3 */,
				B03E979D1940A30500DE10D6 /* c2Marimba.mp3 */,
				B03E979E1940A30500DE10D6 /* c2Piano3.mp3 */,
				B03E979F1940A30500DE10D6 /* c2Piano4.mp3 */,
				B03E97A01940A30500DE10D6 /* c2Piano5.mp3 */,
				B03E97A11940A30500DE10D6 /* c2Xylo.mp3 */,
				B03E97A21940A30500DE10D6 /* cMarimba.mp3 */,
				B03E97A31940A30500DE10D6 /* cPiano3.mp3 */,
				B03E97A41940A30500DE10D6 /* cPiano4.mp3 */,
				B03E97A51940A30500DE10D6 /* cPiano5.mp3 */,
				B03E97A61940A30500DE10D6 /* cs2Piano5.mp3 */,
				B03E97A71940A30500DE10D6 /* cs2Marimba.mp3 */,
				B03E97A81940A30500DE10D6 /* cs2Piano3.mp3 */,
				B03E97A91940A30500DE10D6 /* cs2Piano4.mp3 */,
				B03E97AA1940A30500DE10D6 /* cs2Xylo.mp3 */,
				B03E97AB1940A30500DE10D6 /* csMarimba.mp3 */,
				B03E97AC1940A30500DE10D6 /* csPiano3.mp3 */,
				B03E97AD1940A30500DE10D6 /* csPiano4.mp3 */,
				B03E97AE1940A30500DE10D6 /* csPiano5.mp3 */,
				B03E97AF1940A30500DE10D6 /* csXylo.mp3 */,
				B03E97B01940A30500DE10D6 /* cXylo.mp3 */,
				B03E97B11940A30500DE10D6 /* dMarimba.mp3 */,
				B03E97B21940A30500DE10D6 /* dPiano3.mp3 */,
				B03E97B31940A30500DE10D6 /* dPiano4.mp3 */,
				B03E97B41940A30500DE10D6 /* dPiano5.mp3 */,
				B03E97B51940A30500DE10D6 /* dsMarimba.mp3 */,
				B03E97B61940A30500DE10D6 /* dsPiano3.mp3 */,
				B03E97B71940A30500DE10D6 /* dsPiano4.mp3 */,
				B03E97B81940A30500DE10D6 /* dsPiano5.mp3 */,
				B03E97B91940A30500DE10D6 /* dsXylo.mp3 */,
				B03E97BA1940A30500DE10D6 /* dXylo.mp3 */,
				B03E97BB1940A30500DE10D6 /* eMarimba.mp3 */,
				B03E97BC1940A30500DE10D6 /* ePiano3.mp3 */,
				B03E97BD1940A30500DE10D6 /* ePiano4.mp3 */,
				B03E97BE1940A30500DE10D6 /* ePiano5.mp3 */,
				B03E97BF1940A30500DE10D6 /* eXylo.mp3 */,
				B03E97C01940A30500DE10D6 /* fMarimba.mp3 */,
				B03E97C11940A30500DE10D6 /* fPiano3.mp3 */,
				B03E97C21940A30500DE10D6 /* fPiano4.mp3 */,
				B03E97C31940A30500DE10D6 /* fPiano5.mp3 */,
				B03E97C41940A30500DE10D6 /* fsMarimba.mp3 */,
				B03E97C51940A30500DE10D6 /* fsPiano3.mp3 */,
				B03E97C61940A30500DE10D6 /* fsPiano4.mp3 */,
				B03E97C71940A30500DE10D6 /* fsPiano5.mp3 */,
				B03E97C81940A30500DE10D6 /* fsXylo.mp3 */,
				B03E97C91940A30500DE10D6 /* fXylo.mp3 */,
				B03E97CA1940A30500DE10D6 /* gMarimba.mp3 */,
				B03E97CB1940A30500DE10D6 /* gPiano3.mp3 */,
				B03E97CC1940A30500DE10D6 /* gPiano4.mp3 */,
				B03E97CD1940A30500DE10D6 /* gPiano5.mp3 */,
				B03E97CE1940A30500DE10D6 /* gsMarimba.mp3 */,
				B03E97CF1940A30500DE10D6 /* gsPiano3.mp3 */,
				B03E97D01940A30500DE10D6 /* gsPiano4.mp3 */,
				B03E97D11940A30500DE10D6 /* gsPiano5.mp3 */,
				B03E97D21940A30500DE10D6 /* gsXylo.mp3 */,
				B03E97D31940A30500DE10D6 /* gXylo.mp3 */,
				B06F54EF19357046006B1D72 /* cs2Note.mp3 */,
				B0FBA65D193267A600AF1C08 /* aNote.mp3 */,
				B0FBA65E193267A600AF1C08 /* asNote.mp3 */,
				B0FBA65F193267A600AF1C08 /* bNote.mp3 */,
				B0FBA660193267A600AF1C08 /* c2Note.mp3 */,
				B0FBA661193267A600AF1C08 /* cNote.mp3 */,
				B0FBA662193267A600AF1C08 /* csNote.mp3 */,
				B0FBA663193267A600AF1C08 /* dNote.mp3 */,
				B0FBA664193267A600AF1C08 /* dsNote.mp3 */,
				B0FBA665193267A600AF1C08 /* eNote.mp3 */,
				B0FBA666193267A600AF1C08 /* fNote.mp3 */,
				B0FBA667193267A600AF1C08 /* fsNote.mp3 */,
				B0FBA668193267A600AF1C08 /* gNote.mp3 */,
				B0FBA669193267A600AF1C08 /* gsNote.mp3 */,
			);
			name = mp3;
			sourceTree = "<group>";
		};
/* End PBXGroup section */

/* Begin PBXNativeTarget section */
		B0FBA5DC1931FBD800AF1C08 /* piano ♪ says */ = {
			isa = PBXNativeTarget;
			buildConfigurationList = B0FBA6091931FBD800AF1C08 /* Build configuration list for PBXNativeTarget "piano ♪ says" */;
			buildPhases = (
				B0FBA5D91931FBD800AF1C08 /* Sources */,
				B0FBA5DA1931FBD800AF1C08 /* Frameworks */,
				B0FBA5DB1931FBD800AF1C08 /* Resources */,
				B094F5B419486E34002D4E15 /* ShellScript */,
			);
			buildRules = (
			);
			dependencies = (
			);
			name = "piano ♪ says";
			productName = "Piano Simon Says";
			productReference = B0FBA5DD1931FBD800AF1C08 /* piano ♪ says.app */;
			productType = "com.apple.product-type.application";
		};
		B0FBA5F71931FBD800AF1C08 /* Piano Simon SaysTests */ = {
			isa = PBXNativeTarget;
			buildConfigurationList = B0FBA60C1931FBD800AF1C08 /* Build configuration list for PBXNativeTarget "Piano Simon SaysTests" */;
			buildPhases = (
				B0FBA5F41931FBD800AF1C08 /* Sources */,
				B0FBA5F51931FBD800AF1C08 /* Frameworks */,
				B0FBA5F61931FBD800AF1C08 /* Resources */,
			);
			buildRules = (
			);
			dependencies = (
				B0FBA5FE1931FBD800AF1C08 /* PBXTargetDependency */,
			);
			name = "Piano Simon SaysTests";
			productName = "Piano Simon SaysTests";
			productReference = B0FBA5F81931FBD800AF1C08 /* Piano Simon SaysTests.xctest */;
			productType = "com.apple.product-type.bundle.unit-test";
		};
/* End PBXNativeTarget section */

/* Begin PBXProject section */
		B0FBA5D51931FBD800AF1C08 /* Project object */ = {
			isa = PBXProject;
			attributes = {
				CLASSPREFIX = PSS;
				LastUpgradeCheck = 0510;
				ORGANIZATIONNAME = "Jon Fox";
				TargetAttributes = {
					B0FBA5DC1931FBD800AF1C08 = {
						DevelopmentTeam = Y99DUZCLEB;
					};
					B0FBA5F71931FBD800AF1C08 = {
						TestTargetID = B0FBA5DC1931FBD800AF1C08;
					};
				};
			};
			buildConfigurationList = B0FBA5D81931FBD800AF1C08 /* Build configuration list for PBXProject "Piano Simon Says" */;
			compatibilityVersion = "Xcode 3.2";
			developmentRegion = English;
			hasScannedForEncodings = 0;
			knownRegions = (
				en,
			);
			mainGroup = B0FBA5D41931FBD800AF1C08;
			productRefGroup = B0FBA5DE1931FBD800AF1C08 /* Products */;
			projectDirPath = "";
			projectRoot = "";
			targets = (
				B0FBA5DC1931FBD800AF1C08 /* piano ♪ says */,
				B0FBA5F71931FBD800AF1C08 /* Piano Simon SaysTests */,
			);
		};
/* End PBXProject section */

/* Begin PBXResourcesBuildPhase section */
		B0FBA5DB1931FBD800AF1C08 /* Resources */ = {
			isa = PBXResourcesBuildPhase;
			buildActionMask = 2147483647;
			files = (
				B03E980A1940A30500DE10D6 /* fsMarimba.mp3 in Resources */,
				B03E98031940A30500DE10D6 /* ePiano4.mp3 in Resources */,
				B03E97FD1940A30500DE10D6 /* dsPiano4.mp3 in Resources */,
				B03E97FC1940A30500DE10D6 /* dsPiano3.mp3 in Resources */,
				B03E98091940A30500DE10D6 /* fPiano5.mp3 in Resources */,
				B03E98061940A30500DE10D6 /* fMarimba.mp3 in Resources */,
				B03E98131940A30500DE10D6 /* gPiano5.mp3 in Resources */,
				B0FBA671193267A600AF1C08 /* dsNote.mp3 in Resources */,
				B03E97D51940A30500DE10D6 /* aPiano3.mp3 in Resources */,
				B03E97F01940A30500DE10D6 /* cs2Xylo.mp3 in Resources */,
				B03E98121940A30500DE10D6 /* gPiano4.mp3 in Resources */,
				B03E980F1940A30500DE10D6 /* fXylo.mp3 in Resources */,
				B0FBA674193267A600AF1C08 /* fsNote.mp3 in Resources */,
				B03E97E01940A30500DE10D6 /* bPiano4.mp3 in Resources */,
				B03E98001940A30500DE10D6 /* dXylo.mp3 in Resources */,
				B03E98161940A30500DE10D6 /* gsPiano4.mp3 in Resources */,
				B0FBA670193267A600AF1C08 /* dNote.mp3 in Resources */,
				B03E97D91940A30500DE10D6 /* asPiano3.mp3 in Resources */,
				B03E97E81940A30500DE10D6 /* cMarimba.mp3 in Resources */,
				B03E97F71940A30500DE10D6 /* dMarimba.mp3 in Resources */,
				B03E97FE1940A30500DE10D6 /* dsPiano5.mp3 in Resources */,
				B03E97FB1940A30500DE10D6 /* dsMarimba.mp3 in Resources */,
				B0FBA66B193267A600AF1C08 /* asNote.mp3 in Resources */,
				B03E97F21940A30500DE10D6 /* csPiano3.mp3 in Resources */,
				B03E98151940A30500DE10D6 /* gsPiano3.mp3 in Resources */,
				B03E97DA1940A30500DE10D6 /* asPiano4.mp3 in Resources */,
				B03E97EE1940A30500DE10D6 /* cs2Piano3.mp3 in Resources */,
				B03E97DE1940A30500DE10D6 /* bMarimba.mp3 in Resources */,
				B0FBA66E193267A600AF1C08 /* cNote.mp3 in Resources */,
				B03E97F11940A30500DE10D6 /* csMarimba.mp3 in Resources */,
				B0FBA675193267A600AF1C08 /* gNote.mp3 in Resources */,
				B03E97E71940A30500DE10D6 /* c2Xylo.mp3 in Resources */,
				B03E97EC1940A30500DE10D6 /* cs2Piano5.mp3 in Resources */,
				B03E97ED1940A30500DE10D6 /* cs2Marimba.mp3 in Resources */,
				B0FBA5EB1931FBD800AF1C08 /* InfoPlist.strings in Resources */,
				B03E97F61940A30500DE10D6 /* cXylo.mp3 in Resources */,
				B03E98071940A30500DE10D6 /* fPiano3.mp3 in Resources */,
				B03E97D61940A30500DE10D6 /* aPiano4.mp3 in Resources */,
				B03E986519414C2600DE10D6 /* lock.png in Resources */,
				B06F54F019357046006B1D72 /* cs2Note.mp3 in Resources */,
				B03E97EA1940A30500DE10D6 /* cPiano4.mp3 in Resources */,
				B03E97DC1940A30500DE10D6 /* asXylo.mp3 in Resources */,
				B03E980D1940A30500DE10D6 /* fsPiano5.mp3 in Resources */,
				B0FBA66C193267A600AF1C08 /* bNote.mp3 in Resources */,
				B03E98051940A30500DE10D6 /* eXylo.mp3 in Resources */,
				B03E97EB1940A30500DE10D6 /* cPiano5.mp3 in Resources */,
				B03E98141940A30500DE10D6 /* gsMarimba.mp3 in Resources */,
				B0FBA676193267A600AF1C08 /* gsNote.mp3 in Resources */,
				B03E97DB1940A30500DE10D6 /* asPiano5.mp3 in Resources */,
				B0FBA66D193267A600AF1C08 /* c2Note.mp3 in Resources */,
				B03E97D71940A30500DE10D6 /* aPiano5.mp3 in Resources */,
				B03E97E11940A30500DE10D6 /* bPiano5.mp3 in Resources */,
				B03E980C1940A30500DE10D6 /* fsPiano4.mp3 in Resources */,
				B03E97E91940A30500DE10D6 /* cPiano3.mp3 in Resources */,
				B03E97D41940A30500DE10D6 /* aMarimba.mp3 in Resources */,
				B03E97DD1940A30500DE10D6 /* aXylo.mp3 in Resources */,
				B03E97F51940A30500DE10D6 /* csXylo.mp3 in Resources */,
				B03E97E61940A30500DE10D6 /* c2Piano5.mp3 in Resources */,
				B03E98111940A30500DE10D6 /* gPiano3.mp3 in Resources */,
				B03E98011940A30500DE10D6 /* eMarimba.mp3 in Resources */,
				B03E97F81940A30500DE10D6 /* dPiano3.mp3 in Resources */,
				B03E98191940A30500DE10D6 /* gXylo.mp3 in Resources */,
				B03E97D81940A30500DE10D6 /* asMarimba.mp3 in Resources */,
				B03E97EF1940A30500DE10D6 /* cs2Piano4.mp3 in Resources */,
				B03E97FA1940A30500DE10D6 /* dPiano5.mp3 in Resources */,
				B03E98171940A30500DE10D6 /* gsPiano5.mp3 in Resources */,
				B03E98041940A30500DE10D6 /* ePiano5.mp3 in Resources */,
				B03E98081940A30500DE10D6 /* fPiano4.mp3 in Resources */,
				B03E97DF1940A30500DE10D6 /* bPiano3.mp3 in Resources */,
				B03E97E41940A30500DE10D6 /* c2Piano3.mp3 in Resources */,
				B03E97E51940A30500DE10D6 /* c2Piano4.mp3 in Resources */,
				B0FBA673193267A600AF1C08 /* fNote.mp3 in Resources */,
				B03E97E21940A30500DE10D6 /* bXylo.mp3 in Resources */,
				B0FBA672193267A600AF1C08 /* eNote.mp3 in Resources */,
				B03E980B1940A30500DE10D6 /* fsPiano3.mp3 in Resources */,
				B03E98101940A30500DE10D6 /* gMarimba.mp3 in Resources */,
				B03E98181940A30500DE10D6 /* gsXylo.mp3 in Resources */,
				B03E980E1940A30500DE10D6 /* fsXylo.mp3 in Resources */,
				B03E97F91940A30500DE10D6 /* dPiano4.mp3 in Resources */,
				B03E97FF1940A30500DE10D6 /* dsXylo.mp3 in Resources */,
				B0FBA66F193267A600AF1C08 /* csNote.mp3 in Resources */,
				B03E97F41940A30500DE10D6 /* csPiano5.mp3 in Resources */,
				B0FBA66A193267A600AF1C08 /* aNote.mp3 in Resources */,
				B0FBA5F31931FBD800AF1C08 /* Images.xcassets in Resources */,
				B03E97E31940A30500DE10D6 /* c2Marimba.mp3 in Resources */,
				B03E98021940A30500DE10D6 /* ePiano3.mp3 in Resources */,
				B03E97F31940A30500DE10D6 /* csPiano4.mp3 in Resources */,
			);
			runOnlyForDeploymentPostprocessing = 0;
		};
		B0FBA5F61931FBD800AF1C08 /* Resources */ = {
			isa = PBXResourcesBuildPhase;
			buildActionMask = 2147483647;
			files = (
				B0FBA6041931FBD800AF1C08 /* InfoPlist.strings in Resources */,
			);
			runOnlyForDeploymentPostprocessing = 0;
		};
/* End PBXResourcesBuildPhase section */

/* Begin PBXShellScriptBuildPhase section */
		B094F5B419486E34002D4E15 /* ShellScript */ = {
			isa = PBXShellScriptBuildPhase;
			buildActionMask = 2147483647;
			files = (
			);
			inputPaths = (
			);
			outputPaths = (
			);
			runOnlyForDeploymentPostprocessing = 0;
			shellPath = /bin/sh;
			shellScript = "./Crashlytics.framework/run 2c2ac9b6d199975f980841731c09425383869f9c 6675a2d0a64428a1b21b76256716a3b739a5e699bd47214674c06edf6b0bdf5a";
		};
/* End PBXShellScriptBuildPhase section */

/* Begin PBXSourcesBuildPhase section */
		B0FBA5D91931FBD800AF1C08 /* Sources */ = {
			isa = PBXSourcesBuildPhase;
			buildActionMask = 2147483647;
			files = (
				B0FBA6111931FCB300AF1C08 /* PSSPianoViewController.m in Sources */,
				B0FBA5ED1931FBD800AF1C08 /* main.m in Sources */,
				B03E986E1941EF1400DE10D6 /* PSSTableViewCell.m in Sources */,
				B0523627193A18350068F67D /* PSSBlackDot.m in Sources */,
				B0FBA5F11931FBD800AF1C08 /* PSSAppDelegate.m in Sources */,
				B03E981C1940A57000DE10D6 /* PSSInstTableView.m in Sources */,
				B052362A193A29A40068F67D /* PSSxView.m in Sources */,
				B0133DD01938AFBE007DB236 /* PSSPianoTableView.m in Sources */,
				B0FBA6351932277000AF1C08 /* PSSPlayer.m in Sources */,
			);
			runOnlyForDeploymentPostprocessing = 0;
		};
		B0FBA5F41931FBD800AF1C08 /* Sources */ = {
			isa = PBXSourcesBuildPhase;
			buildActionMask = 2147483647;
			files = (
				B0FBA6061931FBD800AF1C08 /* Piano_Simon_SaysTests.m in Sources */,
			);
			runOnlyForDeploymentPostprocessing = 0;
		};
/* End PBXSourcesBuildPhase section */

/* Begin PBXTargetDependency section */
		B0FBA5FE1931FBD800AF1C08 /* PBXTargetDependency */ = {
			isa = PBXTargetDependency;
			target = B0FBA5DC1931FBD800AF1C08 /* piano ♪ says */;
			targetProxy = B0FBA5FD1931FBD800AF1C08 /* PBXContainerItemProxy */;
		};
/* End PBXTargetDependency section */

/* Begin PBXVariantGroup section */
		B0FBA5E91931FBD800AF1C08 /* InfoPlist.strings */ = {
			isa = PBXVariantGroup;
			children = (
				B0FBA5EA1931FBD800AF1C08 /* en */,
			);
			name = InfoPlist.strings;
			sourceTree = "<group>";
		};
		B0FBA6021931FBD800AF1C08 /* InfoPlist.strings */ = {
			isa = PBXVariantGroup;
			children = (
				B0FBA6031931FBD800AF1C08 /* en */,
			);
			name = InfoPlist.strings;
			sourceTree = "<group>";
		};
/* End PBXVariantGroup section */

/* Begin XCBuildConfiguration section */
		B0FBA6071931FBD800AF1C08 /* Debug */ = {
			isa = XCBuildConfiguration;
			buildSettings = {
				ALWAYS_SEARCH_USER_PATHS = NO;
				CLANG_CXX_LANGUAGE_STANDARD = "gnu++0x";
				CLANG_CXX_LIBRARY = "libc++";
				CLANG_ENABLE_MODULES = YES;
				CLANG_ENABLE_OBJC_ARC = YES;
				CLANG_WARN_BOOL_CONVERSION = YES;
				CLANG_WARN_CONSTANT_CONVERSION = YES;
				CLANG_WARN_DIRECT_OBJC_ISA_USAGE = YES_ERROR;
				CLANG_WARN_EMPTY_BODY = YES;
				CLANG_WARN_ENUM_CONVERSION = YES;
				CLANG_WARN_INT_CONVERSION = YES;
				CLANG_WARN_OBJC_ROOT_CLASS = YES_ERROR;
				CLANG_WARN__DUPLICATE_METHOD_MATCH = YES;
				"CODE_SIGN_IDENTITY[sdk=iphoneos*]" = "iPhone Developer";
				COPY_PHASE_STRIP = NO;
				GCC_C_LANGUAGE_STANDARD = gnu99;
				GCC_DYNAMIC_NO_PIC = NO;
				GCC_OPTIMIZATION_LEVEL = 0;
				GCC_PREPROCESSOR_DEFINITIONS = (
					"DEBUG=1",
					"$(inherited)",
				);
				GCC_SYMBOLS_PRIVATE_EXTERN = NO;
				GCC_WARN_64_TO_32_BIT_CONVERSION = YES;
				GCC_WARN_ABOUT_RETURN_TYPE = YES_ERROR;
				GCC_WARN_UNDECLARED_SELECTOR = YES;
				GCC_WARN_UNINITIALIZED_AUTOS = YES_AGGRESSIVE;
				GCC_WARN_UNUSED_FUNCTION = YES;
				GCC_WARN_UNUSED_VARIABLE = YES;
				IPHONEOS_DEPLOYMENT_TARGET = 7.1;
				ONLY_ACTIVE_ARCH = YES;
				SDKROOT = iphoneos;
				TARGETED_DEVICE_FAMILY = "1,2";
			};
			name = Debug;
		};
		B0FBA6081931FBD800AF1C08 /* Release */ = {
			isa = XCBuildConfiguration;
			buildSettings = {
				ALWAYS_SEARCH_USER_PATHS = NO;
				CLANG_CXX_LANGUAGE_STANDARD = "gnu++0x";
				CLANG_CXX_LIBRARY = "libc++";
				CLANG_ENABLE_MODULES = YES;
				CLANG_ENABLE_OBJC_ARC = YES;
				CLANG_WARN_BOOL_CONVERSION = YES;
				CLANG_WARN_CONSTANT_CONVERSION = YES;
				CLANG_WARN_DIRECT_OBJC_ISA_USAGE = YES_ERROR;
				CLANG_WARN_EMPTY_BODY = YES;
				CLANG_WARN_ENUM_CONVERSION = YES;
				CLANG_WARN_INT_CONVERSION = YES;
				CLANG_WARN_OBJC_ROOT_CLASS = YES_ERROR;
				CLANG_WARN__DUPLICATE_METHOD_MATCH = YES;
				"CODE_SIGN_IDENTITY[sdk=iphoneos*]" = "iPhone Developer";
				COPY_PHASE_STRIP = YES;
				ENABLE_NS_ASSERTIONS = NO;
				GCC_C_LANGUAGE_STANDARD = gnu99;
				GCC_WARN_64_TO_32_BIT_CONVERSION = YES;
				GCC_WARN_ABOUT_RETURN_TYPE = YES_ERROR;
				GCC_WARN_UNDECLARED_SELECTOR = YES;
				GCC_WARN_UNINITIALIZED_AUTOS = YES_AGGRESSIVE;
				GCC_WARN_UNUSED_FUNCTION = YES;
				GCC_WARN_UNUSED_VARIABLE = YES;
				IPHONEOS_DEPLOYMENT_TARGET = 7.1;
				SDKROOT = iphoneos;
				TARGETED_DEVICE_FAMILY = "1,2";
				VALIDATE_PRODUCT = YES;
			};
			name = Release;
		};
		B0FBA60A1931FBD800AF1C08 /* Debug */ = {
			isa = XCBuildConfiguration;
			buildSettings = {
				ASSETCATALOG_COMPILER_APPICON_NAME = AppIcon;
				ASSETCATALOG_COMPILER_LAUNCHIMAGE_NAME = LaunchImage;
				CODE_SIGN_IDENTITY = "iPhone Developer";
				FRAMEWORK_SEARCH_PATHS = (
					"$(inherited)",
					"$(PROJECT_DIR)",
				);
				GCC_PRECOMPILE_PREFIX_HEADER = YES;
				GCC_PREFIX_HEADER = "Piano Simon Says/Piano Simon Says-Prefix.pch";
				INFOPLIST_FILE = "Piano Simon Says/Piano Simon Says-Info.plist";
				PRODUCT_NAME = "$(TARGET_NAME)";
				PROVISIONING_PROFILE = "";
				"PROVISIONING_PROFILE[sdk=*]" = "";
				TARGETED_DEVICE_FAMILY = 1;
				WRAPPER_EXTENSION = app;
			};
			name = Debug;
		};
		B0FBA60B1931FBD800AF1C08 /* Release */ = {
			isa = XCBuildConfiguration;
			buildSettings = {
				ASSETCATALOG_COMPILER_APPICON_NAME = AppIcon;
				ASSETCATALOG_COMPILER_LAUNCHIMAGE_NAME = LaunchImage;
				CODE_SIGN_IDENTITY = "iPhone Developer";
				FRAMEWORK_SEARCH_PATHS = (
					"$(inherited)",
					"$(PROJECT_DIR)",
				);
				GCC_PRECOMPILE_PREFIX_HEADER = YES;
				GCC_PREFIX_HEADER = "Piano Simon Says/Piano Simon Says-Prefix.pch";
				INFOPLIST_FILE = "Piano Simon Says/Piano Simon Says-Info.plist";
				PRODUCT_NAME = "$(TARGET_NAME)";
				PROVISIONING_PROFILE = "";
				TARGETED_DEVICE_FAMILY = 1;
				WRAPPER_EXTENSION = app;
			};
			name = Release;
		};
		B0FBA60D1931FBD800AF1C08 /* Debug */ = {
			isa = XCBuildConfiguration;
			buildSettings = {
				BUNDLE_LOADER = "$(BUILT_PRODUCTS_DIR)/Piano Simon Says.app/Piano Simon Says";
				FRAMEWORK_SEARCH_PATHS = (
					"$(SDKROOT)/Developer/Library/Frameworks",
					"$(inherited)",
					"$(DEVELOPER_FRAMEWORKS_DIR)",
				);
				GCC_PRECOMPILE_PREFIX_HEADER = YES;
				GCC_PREFIX_HEADER = "Piano Simon Says/Piano Simon Says-Prefix.pch";
				GCC_PREPROCESSOR_DEFINITIONS = (
					"DEBUG=1",
					"$(inherited)",
				);
				INFOPLIST_FILE = "Piano Simon SaysTests/Piano Simon SaysTests-Info.plist";
				PRODUCT_NAME = "$(TARGET_NAME)";
				TEST_HOST = "$(BUNDLE_LOADER)";
				WRAPPER_EXTENSION = xctest;
			};
			name = Debug;
		};
		B0FBA60E1931FBD800AF1C08 /* Release */ = {
			isa = XCBuildConfiguration;
			buildSettings = {
				BUNDLE_LOADER = "$(BUILT_PRODUCTS_DIR)/Piano Simon Says.app/Piano Simon Says";
				FRAMEWORK_SEARCH_PATHS = (
					"$(SDKROOT)/Developer/Library/Frameworks",
					"$(inherited)",
					"$(DEVELOPER_FRAMEWORKS_DIR)",
				);
				GCC_PRECOMPILE_PREFIX_HEADER = YES;
				GCC_PREFIX_HEADER = "Piano Simon Says/Piano Simon Says-Prefix.pch";
				INFOPLIST_FILE = "Piano Simon SaysTests/Piano Simon SaysTests-Info.plist";
				PRODUCT_NAME = "$(TARGET_NAME)";
				TEST_HOST = "$(BUNDLE_LOADER)";
				WRAPPER_EXTENSION = xctest;
			};
			name = Release;
		};
/* End XCBuildConfiguration section */

/* Begin XCConfigurationList section */
		B0FBA5D81931FBD800AF1C08 /* Build configuration list for PBXProject "Piano Simon Says" */ = {
			isa = XCConfigurationList;
			buildConfigurations = (
				B0FBA6071931FBD800AF1C08 /* Debug */,
				B0FBA6081931FBD800AF1C08 /* Release */,
			);
			defaultConfigurationIsVisible = 0;
			defaultConfigurationName = Release;
		};
		B0FBA6091931FBD800AF1C08 /* Build configuration list for PBXNativeTarget "piano ♪ says" */ = {
			isa = XCConfigurationList;
			buildConfigurations = (
				B0FBA60A1931FBD800AF1C08 /* Debug */,
				B0FBA60B1931FBD800AF1C08 /* Release */,
			);
			defaultConfigurationIsVisible = 0;
			defaultConfigurationName = Release;
		};
		B0FBA60C1931FBD800AF1C08 /* Build configuration list for PBXNativeTarget "Piano Simon SaysTests" */ = {
			isa = XCConfigurationList;
			buildConfigurations = (
				B0FBA60D1931FBD800AF1C08 /* Debug */,
				B0FBA60E1931FBD800AF1C08 /* Release */,
			);
			defaultConfigurationIsVisible = 0;
			defaultConfigurationName = Release;
		};
/* End XCConfigurationList section */
	};
	rootObject = B0FBA5D51931FBD800AF1C08 /* Project object */;
}
