// !$*UTF8*$!
{
	archiveVersion = 1;
	classes = {
	};
	objectVersion = 46;
	objects = {

/* Begin PBXBuildFile section */
		B09B9E0218F41042000C01C4 /* Foundation.framework in Frameworks */ = {isa = PBXBuildFile; fileRef = B09B9E0118F41042000C01C4 /* Foundation.framework */; };
		B09B9E0418F41042000C01C4 /* CoreGraphics.framework in Frameworks */ = {isa = PBXBuildFile; fileRef = B09B9E0318F41042000C01C4 /* CoreGraphics.framework */; };
		B09B9E0618F41042000C01C4 /* UIKit.framework in Frameworks */ = {isa = PBXBuildFile; fileRef = B09B9E0518F41042000C01C4 /* UIKit.framework */; };
		B09B9E0C18F41042000C01C4 /* InfoPlist.strings in Resources */ = {isa = PBXBuildFile; fileRef = B09B9E0A18F41042000C01C4 /* InfoPlist.strings */; };
		B09B9E0E18F41042000C01C4 /* main.m in Sources */ = {isa = PBXBuildFile; fileRef = B09B9E0D18F41042000C01C4 /* main.m */; };
		B09B9E1218F41042000C01C4 /* AppDelegate.m in Sources */ = {isa = PBXBuildFile; fileRef = B09B9E1118F41042000C01C4 /* AppDelegate.m */; };
		B09B9E1518F41042000C01C4 /* Main.storyboard in Resources */ = {isa = PBXBuildFile; fileRef = B09B9E1318F41042000C01C4 /* Main.storyboard */; };
		B09B9E1818F41042000C01C4 /* ViewController.m in Sources */ = {isa = PBXBuildFile; fileRef = B09B9E1718F41042000C01C4 /* ViewController.m */; };
		B09B9E1A18F41042000C01C4 /* Images.xcassets in Resources */ = {isa = PBXBuildFile; fileRef = B09B9E1918F41042000C01C4 /* Images.xcassets */; };
		B09B9E2118F41042000C01C4 /* XCTest.framework in Frameworks */ = {isa = PBXBuildFile; fileRef = B09B9E2018F41042000C01C4 /* XCTest.framework */; };
		B09B9E2218F41042000C01C4 /* Foundation.framework in Frameworks */ = {isa = PBXBuildFile; fileRef = B09B9E0118F41042000C01C4 /* Foundation.framework */; };
		B09B9E2318F41042000C01C4 /* UIKit.framework in Frameworks */ = {isa = PBXBuildFile; fileRef = B09B9E0518F41042000C01C4 /* UIKit.framework */; };
		B09B9E2B18F41042000C01C4 /* InfoPlist.strings in Resources */ = {isa = PBXBuildFile; fileRef = B09B9E2918F41042000C01C4 /* InfoPlist.strings */; };
		B09B9E2D18F41042000C01C4 /* Keyboard_Input_TypesTests.m in Sources */ = {isa = PBXBuildFile; fileRef = B09B9E2C18F41042000C01C4 /* Keyboard_Input_TypesTests.m */; };
/* End PBXBuildFile section */

/* Begin PBXContainerItemProxy section */
		B09B9E2418F41042000C01C4 /* PBXContainerItemProxy */ = {
			isa = PBXContainerItemProxy;
			containerPortal = B09B9DF618F41042000C01C4 /* Project object */;
			proxyType = 1;
			remoteGlobalIDString = B09B9DFD18F41042000C01C4;
			remoteInfo = "Keyboard Input Types";
		};
/* End PBXContainerItemProxy section */

/* Begin PBXFileReference section */
		B09B9DFE18F41042000C01C4 /* Keyboard Input Types.app */ = {isa = PBXFileReference; explicitFileType = wrapper.application; includeInIndex = 0; path = "Keyboard Input Types.app"; sourceTree = BUILT_PRODUCTS_DIR; };
		B09B9E0118F41042000C01C4 /* Foundation.framework */ = {isa = PBXFileReference; lastKnownFileType = wrapper.framework; name = Foundation.framework; path = System/Library/Frameworks/Foundation.framework; sourceTree = SDKROOT; };
		B09B9E0318F41042000C01C4 /* CoreGraphics.framework */ = {isa = PBXFileReference; lastKnownFileType = wrapper.framework; name = CoreGraphics.framework; path = System/Library/Frameworks/CoreGraphics.framework; sourceTree = SDKROOT; };
		B09B9E0518F41042000C01C4 /* UIKit.framework */ = {isa = PBXFileReference; lastKnownFileType = wrapper.framework; name = UIKit.framework; path = System/Library/Frameworks/UIKit.framework; sourceTree = SDKROOT; };
		B09B9E0918F41042000C01C4 /* Keyboard Input Types-Info.plist */ = {isa = PBXFileReference; lastKnownFileType = text.plist.xml; path = "Keyboard Input Types-Info.plist"; sourceTree = "<group>"; };
		B09B9E0B18F41042000C01C4 /* en */ = {isa = PBXFileReference; lastKnownFileType = text.plist.strings; name = en; path = en.lproj/InfoPlist.strings; sourceTree = "<group>"; };
		B09B9E0D18F41042000C01C4 /* main.m */ = {isa = PBXFileReference; lastKnownFileType = sourcecode.c.objc; path = main.m; sourceTree = "<group>"; };
		B09B9E0F18F41042000C01C4 /* Keyboard Input Types-Prefix.pch */ = {isa = PBXFileReference; lastKnownFileType = sourcecode.c.h; path = "Keyboard Input Types-Prefix.pch"; sourceTree = "<group>"; };
		B09B9E1018F41042000C01C4 /* AppDelegate.h */ = {isa = PBXFileReference; lastKnownFileType = sourcecode.c.h; path = AppDelegate.h; sourceTree = "<group>"; };
		B09B9E1118F41042000C01C4 /* AppDelegate.m */ = {isa = PBXFileReference; lastKnownFileType = sourcecode.c.objc; path = AppDelegate.m; sourceTree = "<group>"; };
		B09B9E1418F41042000C01C4 /* Base */ = {isa = PBXFileReference; lastKnownFileType = file.storyboard; name = Base; path = Base.lproj/Main.storyboard; sourceTree = "<group>"; };
		B09B9E1618F41042000C01C4 /* ViewController.h */ = {isa = PBXFileReference; lastKnownFileType = sourcecode.c.h; path = ViewController.h; sourceTree = "<group>"; };
		B09B9E1718F41042000C01C4 /* ViewController.m */ = {isa = PBXFileReference; lastKnownFileType = sourcecode.c.objc; path = ViewController.m; sourceTree = "<group>"; };
		B09B9E1918F41042000C01C4 /* Images.xcassets */ = {isa = PBXFileReference; lastKnownFileType = folder.assetcatalog; path = Images.xcassets; sourceTree = "<group>"; };
		B09B9E1F18F41042000C01C4 /* Keyboard Input TypesTests.xctest */ = {isa = PBXFileReference; explicitFileType = wrapper.cfbundle; includeInIndex = 0; path = "Keyboard Input TypesTests.xctest"; sourceTree = BUILT_PRODUCTS_DIR; };
		B09B9E2018F41042000C01C4 /* XCTest.framework */ = {isa = PBXFileReference; lastKnownFileType = wrapper.framework; name = XCTest.framework; path = Library/Frameworks/XCTest.framework; sourceTree = DEVELOPER_DIR; };
		B09B9E2818F41042000C01C4 /* Keyboard Input TypesTests-Info.plist */ = {isa = PBXFileReference; lastKnownFileType = text.plist.xml; path = "Keyboard Input TypesTests-Info.plist"; sourceTree = "<group>"; };
		B09B9E2A18F41042000C01C4 /* en */ = {isa = PBXFileReference; lastKnownFileType = text.plist.strings; name = en; path = en.lproj/InfoPlist.strings; sourceTree = "<group>"; };
		B09B9E2C18F41042000C01C4 /* Keyboard_Input_TypesTests.m */ = {isa = PBXFileReference; lastKnownFileType = sourcecode.c.objc; path = Keyboard_Input_TypesTests.m; sourceTree = "<group>"; };
/* End PBXFileReference section */

/* Begin PBXFrameworksBuildPhase section */
		B09B9DFB18F41042000C01C4 /* Frameworks */ = {
			isa = PBXFrameworksBuildPhase;
			buildActionMask = 2147483647;
			files = (
				B09B9E0418F41042000C01C4 /* CoreGraphics.framework in Frameworks */,
				B09B9E0618F41042000C01C4 /* UIKit.framework in Frameworks */,
				B09B9E0218F41042000C01C4 /* Foundation.framework in Frameworks */,
			);
			runOnlyForDeploymentPostprocessing = 0;
		};
		B09B9E1C18F41042000C01C4 /* Frameworks */ = {
			isa = PBXFrameworksBuildPhase;
			buildActionMask = 2147483647;
			files = (
				B09B9E2118F41042000C01C4 /* XCTest.framework in Frameworks */,
				B09B9E2318F41042000C01C4 /* UIKit.framework in Frameworks */,
				B09B9E2218F41042000C01C4 /* Foundation.framework in Frameworks */,
			);
			runOnlyForDeploymentPostprocessing = 0;
		};
/* End PBXFrameworksBuildPhase section */

/* Begin PBXGroup section */
		B09B9DF518F41042000C01C4 = {
			isa = PBXGroup;
			children = (
				B09B9E0718F41042000C01C4 /* Keyboard Input Types */,
				B09B9E2618F41042000C01C4 /* Keyboard Input TypesTests */,
				B09B9E0018F41042000C01C4 /* Frameworks */,
				B09B9DFF18F41042000C01C4 /* Products */,
			);
			sourceTree = "<group>";
		};
		B09B9DFF18F41042000C01C4 /* Products */ = {
			isa = PBXGroup;
			children = (
				B09B9DFE18F41042000C01C4 /* Keyboard Input Types.app */,
				B09B9E1F18F41042000C01C4 /* Keyboard Input TypesTests.xctest */,
			);
			name = Products;
			sourceTree = "<group>";
		};
		B09B9E0018F41042000C01C4 /* Frameworks */ = {
			isa = PBXGroup;
			children = (
				B09B9E0118F41042000C01C4 /* Foundation.framework */,
				B09B9E0318F41042000C01C4 /* CoreGraphics.framework */,
				B09B9E0518F41042000C01C4 /* UIKit.framework */,
				B09B9E2018F41042000C01C4 /* XCTest.framework */,
			);
			name = Frameworks;
			sourceTree = "<group>";
		};
		B09B9E0718F41042000C01C4 /* Keyboard Input Types */ = {
			isa = PBXGroup;
			children = (
				B09B9E1018F41042000C01C4 /* AppDelegate.h */,
				B09B9E1118F41042000C01C4 /* AppDelegate.m */,
				B09B9E1318F41042000C01C4 /* Main.storyboard */,
				B09B9E1618F41042000C01C4 /* ViewController.h */,
				B09B9E1718F41042000C01C4 /* ViewController.m */,
				B09B9E1918F41042000C01C4 /* Images.xcassets */,
				B09B9E0818F41042000C01C4 /* Supporting Files */,
			);
			path = "Keyboard Input Types";
			sourceTree = "<group>";
		};
		B09B9E0818F41042000C01C4 /* Supporting Files */ = {
			isa = PBXGroup;
			children = (
				B09B9E0918F41042000C01C4 /* Keyboard Input Types-Info.plist */,
				B09B9E0A18F41042000C01C4 /* InfoPlist.strings */,
				B09B9E0D18F41042000C01C4 /* main.m */,
				B09B9E0F18F41042000C01C4 /* Keyboard Input Types-Prefix.pch */,
			);
			name = "Supporting Files";
			sourceTree = "<group>";
		};
		B09B9E2618F41042000C01C4 /* Keyboard Input TypesTests */ = {
			isa = PBXGroup;
			children = (
				B09B9E2C18F41042000C01C4 /* Keyboard_Input_TypesTests.m */,
				B09B9E2718F41042000C01C4 /* Supporting Files */,
			);
			path = "Keyboard Input TypesTests";
			sourceTree = "<group>";
		};
		B09B9E2718F41042000C01C4 /* Supporting Files */ = {
			isa = PBXGroup;
			children = (
				B09B9E2818F41042000C01C4 /* Keyboard Input TypesTests-Info.plist */,
				B09B9E2918F41042000C01C4 /* InfoPlist.strings */,
			);
			name = "Supporting Files";
			sourceTree = "<group>";
		};
/* End PBXGroup section */

/* Begin PBXNativeTarget section */
		B09B9DFD18F41042000C01C4 /* Keyboard Input Types */ = {
			isa = PBXNativeTarget;
			buildConfigurationList = B09B9E3018F41042000C01C4 /* Build configuration list for PBXNativeTarget "Keyboard Input Types" */;
			buildPhases = (
				B09B9DFA18F41042000C01C4 /* Sources */,
				B09B9DFB18F41042000C01C4 /* Frameworks */,
				B09B9DFC18F41042000C01C4 /* Resources */,
			);
			buildRules = (
			);
			dependencies = (
			);
			name = "Keyboard Input Types";
			productName = "Keyboard Input Types";
			productReference = B09B9DFE18F41042000C01C4 /* Keyboard Input Types.app */;
			productType = "com.apple.product-type.application";
		};
		B09B9E1E18F41042000C01C4 /* Keyboard Input TypesTests */ = {
			isa = PBXNativeTarget;
			buildConfigurationList = B09B9E3318F41042000C01C4 /* Build configuration list for PBXNativeTarget "Keyboard Input TypesTests" */;
			buildPhases = (
				B09B9E1B18F41042000C01C4 /* Sources */,
				B09B9E1C18F41042000C01C4 /* Frameworks */,
				B09B9E1D18F41042000C01C4 /* Resources */,
			);
			buildRules = (
			);
			dependencies = (
				B09B9E2518F41042000C01C4 /* PBXTargetDependency */,
			);
			name = "Keyboard Input TypesTests";
			productName = "Keyboard Input TypesTests";
			productReference = B09B9E1F18F41042000C01C4 /* Keyboard Input TypesTests.xctest */;
			productType = "com.apple.product-type.bundle.unit-test";
		};
/* End PBXNativeTarget section */

/* Begin PBXProject section */
		B09B9DF618F41042000C01C4 /* Project object */ = {
			isa = PBXProject;
			attributes = {
				LastUpgradeCheck = 0510;
				ORGANIZATIONNAME = "Jon Fox";
				TargetAttributes = {
					B09B9E1E18F41042000C01C4 = {
						TestTargetID = B09B9DFD18F41042000C01C4;
					};
				};
			};
			buildConfigurationList = B09B9DF918F41042000C01C4 /* Build configuration list for PBXProject "Keyboard Input Types" */;
			compatibilityVersion = "Xcode 3.2";
			developmentRegion = English;
			hasScannedForEncodings = 0;
			knownRegions = (
				en,
				Base,
			);
			mainGroup = B09B9DF518F41042000C01C4;
			productRefGroup = B09B9DFF18F41042000C01C4 /* Products */;
			projectDirPath = "";
			projectRoot = "";
			targets = (
				B09B9DFD18F41042000C01C4 /* Keyboard Input Types */,
				B09B9E1E18F41042000C01C4 /* Keyboard Input TypesTests */,
			);
		};
/* End PBXProject section */

/* Begin PBXResourcesBuildPhase section */
		B09B9DFC18F41042000C01C4 /* Resources */ = {
			isa = PBXResourcesBuildPhase;
			buildActionMask = 2147483647;
			files = (
				B09B9E1A18F41042000C01C4 /* Images.xcassets in Resources */,
				B09B9E0C18F41042000C01C4 /* InfoPlist.strings in Resources */,
				B09B9E1518F41042000C01C4 /* Main.storyboard in Resources */,
			);
			runOnlyForDeploymentPostprocessing = 0;
		};
		B09B9E1D18F41042000C01C4 /* Resources */ = {
			isa = PBXResourcesBuildPhase;
			buildActionMask = 2147483647;
			files = (
				B09B9E2B18F41042000C01C4 /* InfoPlist.strings in Resources */,
			);
			runOnlyForDeploymentPostprocessing = 0;
		};
/* End PBXResourcesBuildPhase section */

/* Begin PBXSourcesBuildPhase section */
		B09B9DFA18F41042000C01C4 /* Sources */ = {
			isa = PBXSourcesBuildPhase;
			buildActionMask = 2147483647;
			files = (
				B09B9E1818F41042000C01C4 /* ViewController.m in Sources */,
				B09B9E1218F41042000C01C4 /* AppDelegate.m in Sources */,
				B09B9E0E18F41042000C01C4 /* main.m in Sources */,
			);
			runOnlyForDeploymentPostprocessing = 0;
		};
		B09B9E1B18F41042000C01C4 /* Sources */ = {
			isa = PBXSourcesBuildPhase;
			buildActionMask = 2147483647;
			files = (
				B09B9E2D18F41042000C01C4 /* Keyboard_Input_TypesTests.m in Sources */,
			);
			runOnlyForDeploymentPostprocessing = 0;
		};
/* End PBXSourcesBuildPhase section */

/* Begin PBXTargetDependency section */
		B09B9E2518F41042000C01C4 /* PBXTargetDependency */ = {
			isa = PBXTargetDependency;
			target = B09B9DFD18F41042000C01C4 /* Keyboard Input Types */;
			targetProxy = B09B9E2418F41042000C01C4 /* PBXContainerItemProxy */;
		};
/* End PBXTargetDependency section */

/* Begin PBXVariantGroup section */
		B09B9E0A18F41042000C01C4 /* InfoPlist.strings */ = {
			isa = PBXVariantGroup;
			children = (
				B09B9E0B18F41042000C01C4 /* en */,
			);
			name = InfoPlist.strings;
			sourceTree = "<group>";
		};
		B09B9E1318F41042000C01C4 /* Main.storyboard */ = {
			isa = PBXVariantGroup;
			children = (
				B09B9E1418F41042000C01C4 /* Base */,
			);
			name = Main.storyboard;
			sourceTree = "<group>";
		};
		B09B9E2918F41042000C01C4 /* InfoPlist.strings */ = {
			isa = PBXVariantGroup;
			children = (
				B09B9E2A18F41042000C01C4 /* en */,
			);
			name = InfoPlist.strings;
			sourceTree = "<group>";
		};
/* End PBXVariantGroup section */

/* Begin XCBuildConfiguration section */
		B09B9E2E18F41042000C01C4 /* Debug */ = {
			isa = XCBuildConfiguration;
			buildSettings = {
				ALWAYS_SEARCH_USER_PATHS = NO;
				CLANG_CXX_LANGUAGE_STANDARD = "gnu++0x";
				CLANG_CXX_LIBRARY = "libc++";
				CLANG_ENABLE_MODULES = YES;
				CLANG_ENABLE_OBJC_ARC = YES;
				CLANG_WARN_BOOL_CONVERSION = YES;
				CLANG_WARN_CONSTANT_CONVERSION = YES;
				CLANG_WARN_DIRECT_OBJC_ISA_USAGE = YES_ERROR;
				CLANG_WARN_EMPTY_BODY = YES;
				CLANG_WARN_ENUM_CONVERSION = YES;
				CLANG_WARN_INT_CONVERSION = YES;
				CLANG_WARN_OBJC_ROOT_CLASS = YES_ERROR;
				CLANG_WARN__DUPLICATE_METHOD_MATCH = YES;
				"CODE_SIGN_IDENTITY[sdk=iphoneos*]" = "iPhone Developer";
				COPY_PHASE_STRIP = NO;
				GCC_C_LANGUAGE_STANDARD = gnu99;
				GCC_DYNAMIC_NO_PIC = NO;
				GCC_OPTIMIZATION_LEVEL = 0;
				GCC_PREPROCESSOR_DEFINITIONS = (
					"DEBUG=1",
					"$(inherited)",
				);
				GCC_SYMBOLS_PRIVATE_EXTERN = NO;
				GCC_WARN_64_TO_32_BIT_CONVERSION = YES;
				GCC_WARN_ABOUT_RETURN_TYPE = YES_ERROR;
				GCC_WARN_UNDECLARED_SELECTOR = YES;
				GCC_WARN_UNINITIALIZED_AUTOS = YES_AGGRESSIVE;
				GCC_WARN_UNUSED_FUNCTION = YES;
				GCC_WARN_UNUSED_VARIABLE = YES;
				IPHONEOS_DEPLOYMENT_TARGET = 7.1;
				ONLY_ACTIVE_ARCH = YES;
				SDKROOT = iphoneos;
			};
			name = Debug;
		};
		B09B9E2F18F41042000C01C4 /* Release */ = {
			isa = XCBuildConfiguration;
			buildSettings = {
				ALWAYS_SEARCH_USER_PATHS = NO;
				CLANG_CXX_LANGUAGE_STANDARD = "gnu++0x";
				CLANG_CXX_LIBRARY = "libc++";
				CLANG_ENABLE_MODULES = YES;
				CLANG_ENABLE_OBJC_ARC = YES;
				CLANG_WARN_BOOL_CONVERSION = YES;
				CLANG_WARN_CONSTANT_CONVERSION = YES;
				CLANG_WARN_DIRECT_OBJC_ISA_USAGE = YES_ERROR;
				CLANG_WARN_EMPTY_BODY = YES;
				CLANG_WARN_ENUM_CONVERSION = YES;
				CLANG_WARN_INT_CONVERSION = YES;
				CLANG_WARN_OBJC_ROOT_CLASS = YES_ERROR;
				CLANG_WARN__DUPLICATE_METHOD_MATCH = YES;
				"CODE_SIGN_IDENTITY[sdk=iphoneos*]" = "iPhone Developer";
				COPY_PHASE_STRIP = YES;
				ENABLE_NS_ASSERTIONS = NO;
				GCC_C_LANGUAGE_STANDARD = gnu99;
				GCC_WARN_64_TO_32_BIT_CONVERSION = YES;
				GCC_WARN_ABOUT_RETURN_TYPE = YES_ERROR;
				GCC_WARN_UNDECLARED_SELECTOR = YES;
				GCC_WARN_UNINITIALIZED_AUTOS = YES_AGGRESSIVE;
				GCC_WARN_UNUSED_FUNCTION = YES;
				GCC_WARN_UNUSED_VARIABLE = YES;
				IPHONEOS_DEPLOYMENT_TARGET = 7.1;
				SDKROOT = iphoneos;
				VALIDATE_PRODUCT = YES;
			};
			name = Release;
		};
		B09B9E3118F41042000C01C4 /* Debug */ = {
			isa = XCBuildConfiguration;
			buildSettings = {
				ASSETCATALOG_COMPILER_APPICON_NAME = AppIcon;
				ASSETCATALOG_COMPILER_LAUNCHIMAGE_NAME = LaunchImage;
				GCC_PRECOMPILE_PREFIX_HEADER = YES;
				GCC_PREFIX_HEADER = "Keyboard Input Types/Keyboard Input Types-Prefix.pch";
				INFOPLIST_FILE = "Keyboard Input Types/Keyboard Input Types-Info.plist";
				PRODUCT_NAME = "$(TARGET_NAME)";
				WRAPPER_EXTENSION = app;
			};
			name = Debug;
		};
		B09B9E3218F41042000C01C4 /* Release */ = {
			isa = XCBuildConfiguration;
			buildSettings = {
				ASSETCATALOG_COMPILER_APPICON_NAME = AppIcon;
				ASSETCATALOG_COMPILER_LAUNCHIMAGE_NAME = LaunchImage;
				GCC_PRECOMPILE_PREFIX_HEADER = YES;
				GCC_PREFIX_HEADER = "Keyboard Input Types/Keyboard Input Types-Prefix.pch";
				INFOPLIST_FILE = "Keyboard Input Types/Keyboard Input Types-Info.plist";
				PRODUCT_NAME = "$(TARGET_NAME)";
				WRAPPER_EXTENSION = app;
			};
			name = Release;
		};
		B09B9E3418F41042000C01C4 /* Debug */ = {
			isa = XCBuildConfiguration;
			buildSettings = {
				BUNDLE_LOADER = "$(BUILT_PRODUCTS_DIR)/Keyboard Input Types.app/Keyboard Input Types";
				FRAMEWORK_SEARCH_PATHS = (
					"$(SDKROOT)/Developer/Library/Frameworks",
					"$(inherited)",
					"$(DEVELOPER_FRAMEWORKS_DIR)",
				);
				GCC_PRECOMPILE_PREFIX_HEADER = YES;
				GCC_PREFIX_HEADER = "Keyboard Input Types/Keyboard Input Types-Prefix.pch";
				GCC_PREPROCESSOR_DEFINITIONS = (
					"DEBUG=1",
					"$(inherited)",
				);
				INFOPLIST_FILE = "Keyboard Input TypesTests/Keyboard Input TypesTests-Info.plist";
				PRODUCT_NAME = "$(TARGET_NAME)";
				TEST_HOST = "$(BUNDLE_LOADER)";
				WRAPPER_EXTENSION = xctest;
			};
			name = Debug;
		};
		B09B9E3518F41042000C01C4 /* Release */ = {
			isa = XCBuildConfiguration;
			buildSettings = {
				BUNDLE_LOADER = "$(BUILT_PRODUCTS_DIR)/Keyboard Input Types.app/Keyboard Input Types";
				FRAMEWORK_SEARCH_PATHS = (
					"$(SDKROOT)/Developer/Library/Frameworks",
					"$(inherited)",
					"$(DEVELOPER_FRAMEWORKS_DIR)",
				);
				GCC_PRECOMPILE_PREFIX_HEADER = YES;
				GCC_PREFIX_HEADER = "Keyboard Input Types/Keyboard Input Types-Prefix.pch";
				INFOPLIST_FILE = "Keyboard Input TypesTests/Keyboard Input TypesTests-Info.plist";
				PRODUCT_NAME = "$(TARGET_NAME)";
				TEST_HOST = "$(BUNDLE_LOADER)";
				WRAPPER_EXTENSION = xctest;
			};
			name = Release;
		};
/* End XCBuildConfiguration section */

/* Begin XCConfigurationList section */
		B09B9DF918F41042000C01C4 /* Build configuration list for PBXProject "Keyboard Input Types" */ = {
			isa = XCConfigurationList;
			buildConfigurations = (
				B09B9E2E18F41042000C01C4 /* Debug */,
				B09B9E2F18F41042000C01C4 /* Release */,
			);
			defaultConfigurationIsVisible = 0;
			defaultConfigurationName = Release;
		};
		B09B9E3018F41042000C01C4 /* Build configuration list for PBXNativeTarget "Keyboard Input Types" */ = {
			isa = XCConfigurationList;
			buildConfigurations = (
				B09B9E3118F41042000C01C4 /* Debug */,
				B09B9E3218F41042000C01C4 /* Release */,
			);
			defaultConfigurationIsVisible = 0;
		};
		B09B9E3318F41042000C01C4 /* Build configuration list for PBXNativeTarget "Keyboard Input TypesTests" */ = {
			isa = XCConfigurationList;
			buildConfigurations = (
				B09B9E3418F41042000C01C4 /* Debug */,
				B09B9E3518F41042000C01C4 /* Release */,
			);
			defaultConfigurationIsVisible = 0;
		};
/* End XCConfigurationList section */
	};
	rootObject = B09B9DF618F41042000C01C4 /* Project object */;
}
