// !$*UTF8*$!
{
	archiveVersion = 1;
	classes = {
	};
	objectVersion = 46;
	objects = {

/* Begin PBXBuildFile section */
		B0DF78EB1989D87100B82F4B /* Foundation.framework in Frameworks */ = {isa = PBXBuildFile; fileRef = B0DF78EA1989D87100B82F4B /* Foundation.framework */; };
		B0DF78ED1989D87100B82F4B /* CoreGraphics.framework in Frameworks */ = {isa = PBXBuildFile; fileRef = B0DF78EC1989D87100B82F4B /* CoreGraphics.framework */; };
		B0DF78EF1989D87100B82F4B /* UIKit.framework in Frameworks */ = {isa = PBXBuildFile; fileRef = B0DF78EE1989D87100B82F4B /* UIKit.framework */; };
		B0DF78F51989D87100B82F4B /* InfoPlist.strings in Resources */ = {isa = PBXBuildFile; fileRef = B0DF78F31989D87100B82F4B /* InfoPlist.strings */; };
		B0DF78F71989D87100B82F4B /* main.m in Sources */ = {isa = PBXBuildFile; fileRef = B0DF78F61989D87100B82F4B /* main.m */; };
		B0DF78FB1989D87100B82F4B /* TBAAppDelegate.m in Sources */ = {isa = PBXBuildFile; fileRef = B0DF78FA1989D87100B82F4B /* TBAAppDelegate.m */; };
		B0DF78FD1989D87100B82F4B /* Images.xcassets in Resources */ = {isa = PBXBuildFile; fileRef = B0DF78FC1989D87100B82F4B /* Images.xcassets */; };
		B0DF79041989D87100B82F4B /* XCTest.framework in Frameworks */ = {isa = PBXBuildFile; fileRef = B0DF79031989D87100B82F4B /* XCTest.framework */; };
		B0DF79051989D87100B82F4B /* Foundation.framework in Frameworks */ = {isa = PBXBuildFile; fileRef = B0DF78EA1989D87100B82F4B /* Foundation.framework */; };
		B0DF79061989D87100B82F4B /* UIKit.framework in Frameworks */ = {isa = PBXBuildFile; fileRef = B0DF78EE1989D87100B82F4B /* UIKit.framework */; };
		B0DF790E1989D87100B82F4B /* InfoPlist.strings in Resources */ = {isa = PBXBuildFile; fileRef = B0DF790C1989D87100B82F4B /* InfoPlist.strings */; };
		B0DF79101989D87100B82F4B /* TinderBoxTests.m in Sources */ = {isa = PBXBuildFile; fileRef = B0DF790F1989D87100B82F4B /* TinderBoxTests.m */; };
		B0DF791B1989D95100B82F4B /* TBAViewController.m in Sources */ = {isa = PBXBuildFile; fileRef = B0DF791A1989D95100B82F4B /* TBAViewController.m */; };
/* End PBXBuildFile section */

/* Begin PBXContainerItemProxy section */
		B0DF79071989D87100B82F4B /* PBXContainerItemProxy */ = {
			isa = PBXContainerItemProxy;
			containerPortal = B0DF78DF1989D87100B82F4B /* Project object */;
			proxyType = 1;
			remoteGlobalIDString = B0DF78E61989D87100B82F4B;
			remoteInfo = TinderBox;
		};
/* End PBXContainerItemProxy section */

/* Begin PBXFileReference section */
		B0DF78E71989D87100B82F4B /* TinderBox.app */ = {isa = PBXFileReference; explicitFileType = wrapper.application; includeInIndex = 0; path = TinderBox.app; sourceTree = BUILT_PRODUCTS_DIR; };
		B0DF78EA1989D87100B82F4B /* Foundation.framework */ = {isa = PBXFileReference; lastKnownFileType = wrapper.framework; name = Foundation.framework; path = System/Library/Frameworks/Foundation.framework; sourceTree = SDKROOT; };
		B0DF78EC1989D87100B82F4B /* CoreGraphics.framework */ = {isa = PBXFileReference; lastKnownFileType = wrapper.framework; name = CoreGraphics.framework; path = System/Library/Frameworks/CoreGraphics.framework; sourceTree = SDKROOT; };
		B0DF78EE1989D87100B82F4B /* UIKit.framework */ = {isa = PBXFileReference; lastKnownFileType = wrapper.framework; name = UIKit.framework; path = System/Library/Frameworks/UIKit.framework; sourceTree = SDKROOT; };
		B0DF78F21989D87100B82F4B /* TinderBox-Info.plist */ = {isa = PBXFileReference; lastKnownFileType = text.plist.xml; path = "TinderBox-Info.plist"; sourceTree = "<group>"; };
		B0DF78F41989D87100B82F4B /* en */ = {isa = PBXFileReference; lastKnownFileType = text.plist.strings; name = en; path = en.lproj/InfoPlist.strings; sourceTree = "<group>"; };
		B0DF78F61989D87100B82F4B /* main.m */ = {isa = PBXFileReference; lastKnownFileType = sourcecode.c.objc; path = main.m; sourceTree = "<group>"; };
		B0DF78F81989D87100B82F4B /* TinderBox-Prefix.pch */ = {isa = PBXFileReference; lastKnownFileType = sourcecode.c.h; path = "TinderBox-Prefix.pch"; sourceTree = "<group>"; };
		B0DF78F91989D87100B82F4B /* TBAAppDelegate.h */ = {isa = PBXFileReference; lastKnownFileType = sourcecode.c.h; path = TBAAppDelegate.h; sourceTree = "<group>"; };
		B0DF78FA1989D87100B82F4B /* TBAAppDelegate.m */ = {isa = PBXFileReference; lastKnownFileType = sourcecode.c.objc; path = TBAAppDelegate.m; sourceTree = "<group>"; };
		B0DF78FC1989D87100B82F4B /* Images.xcassets */ = {isa = PBXFileReference; lastKnownFileType = folder.assetcatalog; path = Images.xcassets; sourceTree = "<group>"; };
		B0DF79021989D87100B82F4B /* TinderBoxTests.xctest */ = {isa = PBXFileReference; explicitFileType = wrapper.cfbundle; includeInIndex = 0; path = TinderBoxTests.xctest; sourceTree = BUILT_PRODUCTS_DIR; };
		B0DF79031989D87100B82F4B /* XCTest.framework */ = {isa = PBXFileReference; lastKnownFileType = wrapper.framework; name = XCTest.framework; path = Library/Frameworks/XCTest.framework; sourceTree = DEVELOPER_DIR; };
		B0DF790B1989D87100B82F4B /* TinderBoxTests-Info.plist */ = {isa = PBXFileReference; lastKnownFileType = text.plist.xml; path = "TinderBoxTests-Info.plist"; sourceTree = "<group>"; };
		B0DF790D1989D87100B82F4B /* en */ = {isa = PBXFileReference; lastKnownFileType = text.plist.strings; name = en; path = en.lproj/InfoPlist.strings; sourceTree = "<group>"; };
		B0DF790F1989D87100B82F4B /* TinderBoxTests.m */ = {isa = PBXFileReference; lastKnownFileType = sourcecode.c.objc; path = TinderBoxTests.m; sourceTree = "<group>"; };
		B0DF79191989D95100B82F4B /* TBAViewController.h */ = {isa = PBXFileReference; fileEncoding = 4; lastKnownFileType = sourcecode.c.h; path = TBAViewController.h; sourceTree = "<group>"; };
		B0DF791A1989D95100B82F4B /* TBAViewController.m */ = {isa = PBXFileReference; fileEncoding = 4; lastKnownFileType = sourcecode.c.objc; path = TBAViewController.m; sourceTree = "<group>"; };
/* End PBXFileReference section */

/* Begin PBXFrameworksBuildPhase section */
		B0DF78E41989D87100B82F4B /* Frameworks */ = {
			isa = PBXFrameworksBuildPhase;
			buildActionMask = 2147483647;
			files = (
				B0DF78ED1989D87100B82F4B /* CoreGraphics.framework in Frameworks */,
				B0DF78EF1989D87100B82F4B /* UIKit.framework in Frameworks */,
				B0DF78EB1989D87100B82F4B /* Foundation.framework in Frameworks */,
			);
			runOnlyForDeploymentPostprocessing = 0;
		};
		B0DF78FF1989D87100B82F4B /* Frameworks */ = {
			isa = PBXFrameworksBuildPhase;
			buildActionMask = 2147483647;
			files = (
				B0DF79041989D87100B82F4B /* XCTest.framework in Frameworks */,
				B0DF79061989D87100B82F4B /* UIKit.framework in Frameworks */,
				B0DF79051989D87100B82F4B /* Foundation.framework in Frameworks */,
			);
			runOnlyForDeploymentPostprocessing = 0;
		};
/* End PBXFrameworksBuildPhase section */

/* Begin PBXGroup section */
		B0DF78DE1989D87100B82F4B = {
			isa = PBXGroup;
			children = (
				B0DF79191989D95100B82F4B /* TBAViewController.h */,
				B0DF791A1989D95100B82F4B /* TBAViewController.m */,
				B0DF78F01989D87100B82F4B /* TinderBox */,
				B0DF79091989D87100B82F4B /* TinderBoxTests */,
				B0DF78E91989D87100B82F4B /* Frameworks */,
				B0DF78E81989D87100B82F4B /* Products */,
			);
			sourceTree = "<group>";
		};
		B0DF78E81989D87100B82F4B /* Products */ = {
			isa = PBXGroup;
			children = (
				B0DF78E71989D87100B82F4B /* TinderBox.app */,
				B0DF79021989D87100B82F4B /* TinderBoxTests.xctest */,
			);
			name = Products;
			sourceTree = "<group>";
		};
		B0DF78E91989D87100B82F4B /* Frameworks */ = {
			isa = PBXGroup;
			children = (
				B0DF78EA1989D87100B82F4B /* Foundation.framework */,
				B0DF78EC1989D87100B82F4B /* CoreGraphics.framework */,
				B0DF78EE1989D87100B82F4B /* UIKit.framework */,
				B0DF79031989D87100B82F4B /* XCTest.framework */,
			);
			name = Frameworks;
			sourceTree = "<group>";
		};
		B0DF78F01989D87100B82F4B /* TinderBox */ = {
			isa = PBXGroup;
			children = (
				B0DF78F91989D87100B82F4B /* TBAAppDelegate.h */,
				B0DF78FA1989D87100B82F4B /* TBAAppDelegate.m */,
				B0DF78FC1989D87100B82F4B /* Images.xcassets */,
				B0DF78F11989D87100B82F4B /* Supporting Files */,
			);
			path = TinderBox;
			sourceTree = "<group>";
		};
		B0DF78F11989D87100B82F4B /* Supporting Files */ = {
			isa = PBXGroup;
			children = (
				B0DF78F21989D87100B82F4B /* TinderBox-Info.plist */,
				B0DF78F31989D87100B82F4B /* InfoPlist.strings */,
				B0DF78F61989D87100B82F4B /* main.m */,
				B0DF78F81989D87100B82F4B /* TinderBox-Prefix.pch */,
			);
			name = "Supporting Files";
			sourceTree = "<group>";
		};
		B0DF79091989D87100B82F4B /* TinderBoxTests */ = {
			isa = PBXGroup;
			children = (
				B0DF790F1989D87100B82F4B /* TinderBoxTests.m */,
				B0DF790A1989D87100B82F4B /* Supporting Files */,
			);
			path = TinderBoxTests;
			sourceTree = "<group>";
		};
		B0DF790A1989D87100B82F4B /* Supporting Files */ = {
			isa = PBXGroup;
			children = (
				B0DF790B1989D87100B82F4B /* TinderBoxTests-Info.plist */,
				B0DF790C1989D87100B82F4B /* InfoPlist.strings */,
			);
			name = "Supporting Files";
			sourceTree = "<group>";
		};
/* End PBXGroup section */

/* Begin PBXNativeTarget section */
		B0DF78E61989D87100B82F4B /* TinderBox */ = {
			isa = PBXNativeTarget;
			buildConfigurationList = B0DF79131989D87100B82F4B /* Build configuration list for PBXNativeTarget "TinderBox" */;
			buildPhases = (
				B0DF78E31989D87100B82F4B /* Sources */,
				B0DF78E41989D87100B82F4B /* Frameworks */,
				B0DF78E51989D87100B82F4B /* Resources */,
			);
			buildRules = (
			);
			dependencies = (
			);
			name = TinderBox;
			productName = TinderBox;
			productReference = B0DF78E71989D87100B82F4B /* TinderBox.app */;
			productType = "com.apple.product-type.application";
		};
		B0DF79011989D87100B82F4B /* TinderBoxTests */ = {
			isa = PBXNativeTarget;
			buildConfigurationList = B0DF79161989D87100B82F4B /* Build configuration list for PBXNativeTarget "TinderBoxTests" */;
			buildPhases = (
				B0DF78FE1989D87100B82F4B /* Sources */,
				B0DF78FF1989D87100B82F4B /* Frameworks */,
				B0DF79001989D87100B82F4B /* Resources */,
			);
			buildRules = (
			);
			dependencies = (
				B0DF79081989D87100B82F4B /* PBXTargetDependency */,
			);
			name = TinderBoxTests;
			productName = TinderBoxTests;
			productReference = B0DF79021989D87100B82F4B /* TinderBoxTests.xctest */;
			productType = "com.apple.product-type.bundle.unit-test";
		};
/* End PBXNativeTarget section */

/* Begin PBXProject section */
		B0DF78DF1989D87100B82F4B /* Project object */ = {
			isa = PBXProject;
			attributes = {
				CLASSPREFIX = TBA;
				LastUpgradeCheck = 0510;
				ORGANIZATIONNAME = "Jon Fox";
				TargetAttributes = {
					B0DF79011989D87100B82F4B = {
						TestTargetID = B0DF78E61989D87100B82F4B;
					};
				};
			};
			buildConfigurationList = B0DF78E21989D87100B82F4B /* Build configuration list for PBXProject "TinderBox" */;
			compatibilityVersion = "Xcode 3.2";
			developmentRegion = English;
			hasScannedForEncodings = 0;
			knownRegions = (
				en,
			);
			mainGroup = B0DF78DE1989D87100B82F4B;
			productRefGroup = B0DF78E81989D87100B82F4B /* Products */;
			projectDirPath = "";
			projectRoot = "";
			targets = (
				B0DF78E61989D87100B82F4B /* TinderBox */,
				B0DF79011989D87100B82F4B /* TinderBoxTests */,
			);
		};
/* End PBXProject section */

/* Begin PBXResourcesBuildPhase section */
		B0DF78E51989D87100B82F4B /* Resources */ = {
			isa = PBXResourcesBuildPhase;
			buildActionMask = 2147483647;
			files = (
				B0DF78F51989D87100B82F4B /* InfoPlist.strings in Resources */,
				B0DF78FD1989D87100B82F4B /* Images.xcassets in Resources */,
			);
			runOnlyForDeploymentPostprocessing = 0;
		};
		B0DF79001989D87100B82F4B /* Resources */ = {
			isa = PBXResourcesBuildPhase;
			buildActionMask = 2147483647;
			files = (
				B0DF790E1989D87100B82F4B /* InfoPlist.strings in Resources */,
			);
			runOnlyForDeploymentPostprocessing = 0;
		};
/* End PBXResourcesBuildPhase section */

/* Begin PBXSourcesBuildPhase section */
		B0DF78E31989D87100B82F4B /* Sources */ = {
			isa = PBXSourcesBuildPhase;
			buildActionMask = 2147483647;
			files = (
				B0DF791B1989D95100B82F4B /* TBAViewController.m in Sources */,
				B0DF78FB1989D87100B82F4B /* TBAAppDelegate.m in Sources */,
				B0DF78F71989D87100B82F4B /* main.m in Sources */,
			);
			runOnlyForDeploymentPostprocessing = 0;
		};
		B0DF78FE1989D87100B82F4B /* Sources */ = {
			isa = PBXSourcesBuildPhase;
			buildActionMask = 2147483647;
			files = (
				B0DF79101989D87100B82F4B /* TinderBoxTests.m in Sources */,
			);
			runOnlyForDeploymentPostprocessing = 0;
		};
/* End PBXSourcesBuildPhase section */

/* Begin PBXTargetDependency section */
		B0DF79081989D87100B82F4B /* PBXTargetDependency */ = {
			isa = PBXTargetDependency;
			target = B0DF78E61989D87100B82F4B /* TinderBox */;
			targetProxy = B0DF79071989D87100B82F4B /* PBXContainerItemProxy */;
		};
/* End PBXTargetDependency section */

/* Begin PBXVariantGroup section */
		B0DF78F31989D87100B82F4B /* InfoPlist.strings */ = {
			isa = PBXVariantGroup;
			children = (
				B0DF78F41989D87100B82F4B /* en */,
			);
			name = InfoPlist.strings;
			sourceTree = "<group>";
		};
		B0DF790C1989D87100B82F4B /* InfoPlist.strings */ = {
			isa = PBXVariantGroup;
			children = (
				B0DF790D1989D87100B82F4B /* en */,
			);
			name = InfoPlist.strings;
			sourceTree = "<group>";
		};
/* End PBXVariantGroup section */

/* Begin XCBuildConfiguration section */
		B0DF79111989D87100B82F4B /* Debug */ = {
			isa = XCBuildConfiguration;
			buildSettings = {
				ALWAYS_SEARCH_USER_PATHS = NO;
				CLANG_CXX_LANGUAGE_STANDARD = "gnu++0x";
				CLANG_CXX_LIBRARY = "libc++";
				CLANG_ENABLE_MODULES = YES;
				CLANG_ENABLE_OBJC_ARC = YES;
				CLANG_WARN_BOOL_CONVERSION = YES;
				CLANG_WARN_CONSTANT_CONVERSION = YES;
				CLANG_WARN_DIRECT_OBJC_ISA_USAGE = YES_ERROR;
				CLANG_WARN_EMPTY_BODY = YES;
				CLANG_WARN_ENUM_CONVERSION = YES;
				CLANG_WARN_INT_CONVERSION = YES;
				CLANG_WARN_OBJC_ROOT_CLASS = YES_ERROR;
				CLANG_WARN__DUPLICATE_METHOD_MATCH = YES;
				"CODE_SIGN_IDENTITY[sdk=iphoneos*]" = "iPhone Developer";
				COPY_PHASE_STRIP = NO;
				GCC_C_LANGUAGE_STANDARD = gnu99;
				GCC_DYNAMIC_NO_PIC = NO;
				GCC_OPTIMIZATION_LEVEL = 0;
				GCC_PREPROCESSOR_DEFINITIONS = (
					"DEBUG=1",
					"$(inherited)",
				);
				GCC_SYMBOLS_PRIVATE_EXTERN = NO;
				GCC_WARN_64_TO_32_BIT_CONVERSION = YES;
				GCC_WARN_ABOUT_RETURN_TYPE = YES_ERROR;
				GCC_WARN_UNDECLARED_SELECTOR = YES;
				GCC_WARN_UNINITIALIZED_AUTOS = YES_AGGRESSIVE;
				GCC_WARN_UNUSED_FUNCTION = YES;
				GCC_WARN_UNUSED_VARIABLE = YES;
				IPHONEOS_DEPLOYMENT_TARGET = 7.1;
				ONLY_ACTIVE_ARCH = YES;
				SDKROOT = iphoneos;
			};
			name = Debug;
		};
		B0DF79121989D87100B82F4B /* Release */ = {
			isa = XCBuildConfiguration;
			buildSettings = {
				ALWAYS_SEARCH_USER_PATHS = NO;
				CLANG_CXX_LANGUAGE_STANDARD = "gnu++0x";
				CLANG_CXX_LIBRARY = "libc++";
				CLANG_ENABLE_MODULES = YES;
				CLANG_ENABLE_OBJC_ARC = YES;
				CLANG_WARN_BOOL_CONVERSION = YES;
				CLANG_WARN_CONSTANT_CONVERSION = YES;
				CLANG_WARN_DIRECT_OBJC_ISA_USAGE = YES_ERROR;
				CLANG_WARN_EMPTY_BODY = YES;
				CLANG_WARN_ENUM_CONVERSION = YES;
				CLANG_WARN_INT_CONVERSION = YES;
				CLANG_WARN_OBJC_ROOT_CLASS = YES_ERROR;
				CLANG_WARN__DUPLICATE_METHOD_MATCH = YES;
				"CODE_SIGN_IDENTITY[sdk=iphoneos*]" = "iPhone Developer";
				COPY_PHASE_STRIP = YES;
				ENABLE_NS_ASSERTIONS = NO;
				GCC_C_LANGUAGE_STANDARD = gnu99;
				GCC_WARN_64_TO_32_BIT_CONVERSION = YES;
				GCC_WARN_ABOUT_RETURN_TYPE = YES_ERROR;
				GCC_WARN_UNDECLARED_SELECTOR = YES;
				GCC_WARN_UNINITIALIZED_AUTOS = YES_AGGRESSIVE;
				GCC_WARN_UNUSED_FUNCTION = YES;
				GCC_WARN_UNUSED_VARIABLE = YES;
				IPHONEOS_DEPLOYMENT_TARGET = 7.1;
				SDKROOT = iphoneos;
				VALIDATE_PRODUCT = YES;
			};
			name = Release;
		};
		B0DF79141989D87100B82F4B /* Debug */ = {
			isa = XCBuildConfiguration;
			buildSettings = {
				ASSETCATALOG_COMPILER_APPICON_NAME = AppIcon;
				ASSETCATALOG_COMPILER_LAUNCHIMAGE_NAME = LaunchImage;
				GCC_PRECOMPILE_PREFIX_HEADER = YES;
				GCC_PREFIX_HEADER = "TinderBox/TinderBox-Prefix.pch";
				INFOPLIST_FILE = "TinderBox/TinderBox-Info.plist";
				PRODUCT_NAME = "$(TARGET_NAME)";
				WRAPPER_EXTENSION = app;
			};
			name = Debug;
		};
		B0DF79151989D87100B82F4B /* Release */ = {
			isa = XCBuildConfiguration;
			buildSettings = {
				ASSETCATALOG_COMPILER_APPICON_NAME = AppIcon;
				ASSETCATALOG_COMPILER_LAUNCHIMAGE_NAME = LaunchImage;
				GCC_PRECOMPILE_PREFIX_HEADER = YES;
				GCC_PREFIX_HEADER = "TinderBox/TinderBox-Prefix.pch";
				INFOPLIST_FILE = "TinderBox/TinderBox-Info.plist";
				PRODUCT_NAME = "$(TARGET_NAME)";
				WRAPPER_EXTENSION = app;
			};
			name = Release;
		};
		B0DF79171989D87100B82F4B /* Debug */ = {
			isa = XCBuildConfiguration;
			buildSettings = {
				BUNDLE_LOADER = "$(BUILT_PRODUCTS_DIR)/TinderBox.app/TinderBox";
				FRAMEWORK_SEARCH_PATHS = (
					"$(SDKROOT)/Developer/Library/Frameworks",
					"$(inherited)",
					"$(DEVELOPER_FRAMEWORKS_DIR)",
				);
				GCC_PRECOMPILE_PREFIX_HEADER = YES;
				GCC_PREFIX_HEADER = "TinderBox/TinderBox-Prefix.pch";
				GCC_PREPROCESSOR_DEFINITIONS = (
					"DEBUG=1",
					"$(inherited)",
				);
				INFOPLIST_FILE = "TinderBoxTests/TinderBoxTests-Info.plist";
				PRODUCT_NAME = "$(TARGET_NAME)";
				TEST_HOST = "$(BUNDLE_LOADER)";
				WRAPPER_EXTENSION = xctest;
			};
			name = Debug;
		};
		B0DF79181989D87100B82F4B /* Release */ = {
			isa = XCBuildConfiguration;
			buildSettings = {
				BUNDLE_LOADER = "$(BUILT_PRODUCTS_DIR)/TinderBox.app/TinderBox";
				FRAMEWORK_SEARCH_PATHS = (
					"$(SDKROOT)/Developer/Library/Frameworks",
					"$(inherited)",
					"$(DEVELOPER_FRAMEWORKS_DIR)",
				);
				GCC_PRECOMPILE_PREFIX_HEADER = YES;
				GCC_PREFIX_HEADER = "TinderBox/TinderBox-Prefix.pch";
				INFOPLIST_FILE = "TinderBoxTests/TinderBoxTests-Info.plist";
				PRODUCT_NAME = "$(TARGET_NAME)";
				TEST_HOST = "$(BUNDLE_LOADER)";
				WRAPPER_EXTENSION = xctest;
			};
			name = Release;
		};
/* End XCBuildConfiguration section */

/* Begin XCConfigurationList section */
		B0DF78E21989D87100B82F4B /* Build configuration list for PBXProject "TinderBox" */ = {
			isa = XCConfigurationList;
			buildConfigurations = (
				B0DF79111989D87100B82F4B /* Debug */,
				B0DF79121989D87100B82F4B /* Release */,
			);
			defaultConfigurationIsVisible = 0;
			defaultConfigurationName = Release;
		};
		B0DF79131989D87100B82F4B /* Build configuration list for PBXNativeTarget "TinderBox" */ = {
			isa = XCConfigurationList;
			buildConfigurations = (
				B0DF79141989D87100B82F4B /* Debug */,
				B0DF79151989D87100B82F4B /* Release */,
			);
			defaultConfigurationIsVisible = 0;
		};
		B0DF79161989D87100B82F4B /* Build configuration list for PBXNativeTarget "TinderBoxTests" */ = {
			isa = XCConfigurationList;
			buildConfigurations = (
				B0DF79171989D87100B82F4B /* Debug */,
				B0DF79181989D87100B82F4B /* Release */,
			);
			defaultConfigurationIsVisible = 0;
		};
/* End XCConfigurationList section */
	};
	rootObject = B0DF78DF1989D87100B82F4B /* Project object */;
}
