// !$*UTF8*$!
{
	archiveVersion = 1;
	classes = {
	};
	objectVersion = 46;
	objects = {

/* Begin PBXBuildFile section */
		B0BFBB0E18F0E8CE00E61FE4 /* Foundation.framework in Frameworks */ = {isa = PBXBuildFile; fileRef = B0BFBB0D18F0E8CE00E61FE4 /* Foundation.framework */; };
		B0BFBB1018F0E8CE00E61FE4 /* CoreGraphics.framework in Frameworks */ = {isa = PBXBuildFile; fileRef = B0BFBB0F18F0E8CE00E61FE4 /* CoreGraphics.framework */; };
		B0BFBB1218F0E8CE00E61FE4 /* UIKit.framework in Frameworks */ = {isa = PBXBuildFile; fileRef = B0BFBB1118F0E8CE00E61FE4 /* UIKit.framework */; };
		B0BFBB1818F0E8CE00E61FE4 /* InfoPlist.strings in Resources */ = {isa = PBXBuildFile; fileRef = B0BFBB1618F0E8CE00E61FE4 /* InfoPlist.strings */; };
		B0BFBB1A18F0E8CE00E61FE4 /* main.m in Sources */ = {isa = PBXBuildFile; fileRef = B0BFBB1918F0E8CE00E61FE4 /* main.m */; };
		B0BFBB1E18F0E8CE00E61FE4 /* JHFAppDelegate.m in Sources */ = {isa = PBXBuildFile; fileRef = B0BFBB1D18F0E8CE00E61FE4 /* JHFAppDelegate.m */; };
		B0BFBB2118F0E8CE00E61FE4 /* Main.storyboard in Resources */ = {isa = PBXBuildFile; fileRef = B0BFBB1F18F0E8CE00E61FE4 /* Main.storyboard */; };
		B0BFBB2418F0E8CE00E61FE4 /* JHFViewController.m in Sources */ = {isa = PBXBuildFile; fileRef = B0BFBB2318F0E8CE00E61FE4 /* JHFViewController.m */; };
		B0BFBB2618F0E8CE00E61FE4 /* Images.xcassets in Resources */ = {isa = PBXBuildFile; fileRef = B0BFBB2518F0E8CE00E61FE4 /* Images.xcassets */; };
		B0BFBB2D18F0E8CE00E61FE4 /* XCTest.framework in Frameworks */ = {isa = PBXBuildFile; fileRef = B0BFBB2C18F0E8CE00E61FE4 /* XCTest.framework */; };
		B0BFBB2E18F0E8CE00E61FE4 /* Foundation.framework in Frameworks */ = {isa = PBXBuildFile; fileRef = B0BFBB0D18F0E8CE00E61FE4 /* Foundation.framework */; };
		B0BFBB2F18F0E8CE00E61FE4 /* UIKit.framework in Frameworks */ = {isa = PBXBuildFile; fileRef = B0BFBB1118F0E8CE00E61FE4 /* UIKit.framework */; };
		B0BFBB3718F0E8CE00E61FE4 /* InfoPlist.strings in Resources */ = {isa = PBXBuildFile; fileRef = B0BFBB3518F0E8CE00E61FE4 /* InfoPlist.strings */; };
		B0BFBB3918F0E8CE00E61FE4 /* FunWithDatesTests.m in Sources */ = {isa = PBXBuildFile; fileRef = B0BFBB3818F0E8CE00E61FE4 /* FunWithDatesTests.m */; };
/* End PBXBuildFile section */

/* Begin PBXContainerItemProxy section */
		B0BFBB3018F0E8CE00E61FE4 /* PBXContainerItemProxy */ = {
			isa = PBXContainerItemProxy;
			containerPortal = B0BFBB0218F0E8CE00E61FE4 /* Project object */;
			proxyType = 1;
			remoteGlobalIDString = B0BFBB0918F0E8CE00E61FE4;
			remoteInfo = FunWithDates;
		};
/* End PBXContainerItemProxy section */

/* Begin PBXFileReference section */
		B0BFBB0A18F0E8CE00E61FE4 /* FunWithDates.app */ = {isa = PBXFileReference; explicitFileType = wrapper.application; includeInIndex = 0; path = FunWithDates.app; sourceTree = BUILT_PRODUCTS_DIR; };
		B0BFBB0D18F0E8CE00E61FE4 /* Foundation.framework */ = {isa = PBXFileReference; lastKnownFileType = wrapper.framework; name = Foundation.framework; path = System/Library/Frameworks/Foundation.framework; sourceTree = SDKROOT; };
		B0BFBB0F18F0E8CE00E61FE4 /* CoreGraphics.framework */ = {isa = PBXFileReference; lastKnownFileType = wrapper.framework; name = CoreGraphics.framework; path = System/Library/Frameworks/CoreGraphics.framework; sourceTree = SDKROOT; };
		B0BFBB1118F0E8CE00E61FE4 /* UIKit.framework */ = {isa = PBXFileReference; lastKnownFileType = wrapper.framework; name = UIKit.framework; path = System/Library/Frameworks/UIKit.framework; sourceTree = SDKROOT; };
		B0BFBB1518F0E8CE00E61FE4 /* FunWithDates-Info.plist */ = {isa = PBXFileReference; lastKnownFileType = text.plist.xml; path = "FunWithDates-Info.plist"; sourceTree = "<group>"; };
		B0BFBB1718F0E8CE00E61FE4 /* en */ = {isa = PBXFileReference; lastKnownFileType = text.plist.strings; name = en; path = en.lproj/InfoPlist.strings; sourceTree = "<group>"; };
		B0BFBB1918F0E8CE00E61FE4 /* main.m */ = {isa = PBXFileReference; lastKnownFileType = sourcecode.c.objc; path = main.m; sourceTree = "<group>"; };
		B0BFBB1B18F0E8CE00E61FE4 /* FunWithDates-Prefix.pch */ = {isa = PBXFileReference; lastKnownFileType = sourcecode.c.h; path = "FunWithDates-Prefix.pch"; sourceTree = "<group>"; };
		B0BFBB1C18F0E8CE00E61FE4 /* JHFAppDelegate.h */ = {isa = PBXFileReference; lastKnownFileType = sourcecode.c.h; path = JHFAppDelegate.h; sourceTree = "<group>"; };
		B0BFBB1D18F0E8CE00E61FE4 /* JHFAppDelegate.m */ = {isa = PBXFileReference; lastKnownFileType = sourcecode.c.objc; path = JHFAppDelegate.m; sourceTree = "<group>"; };
		B0BFBB2018F0E8CE00E61FE4 /* Base */ = {isa = PBXFileReference; lastKnownFileType = file.storyboard; name = Base; path = Base.lproj/Main.storyboard; sourceTree = "<group>"; };
		B0BFBB2218F0E8CE00E61FE4 /* JHFViewController.h */ = {isa = PBXFileReference; lastKnownFileType = sourcecode.c.h; path = JHFViewController.h; sourceTree = "<group>"; };
		B0BFBB2318F0E8CE00E61FE4 /* JHFViewController.m */ = {isa = PBXFileReference; lastKnownFileType = sourcecode.c.objc; path = JHFViewController.m; sourceTree = "<group>"; };
		B0BFBB2518F0E8CE00E61FE4 /* Images.xcassets */ = {isa = PBXFileReference; lastKnownFileType = folder.assetcatalog; path = Images.xcassets; sourceTree = "<group>"; };
		B0BFBB2B18F0E8CE00E61FE4 /* FunWithDatesTests.xctest */ = {isa = PBXFileReference; explicitFileType = wrapper.cfbundle; includeInIndex = 0; path = FunWithDatesTests.xctest; sourceTree = BUILT_PRODUCTS_DIR; };
		B0BFBB2C18F0E8CE00E61FE4 /* XCTest.framework */ = {isa = PBXFileReference; lastKnownFileType = wrapper.framework; name = XCTest.framework; path = Library/Frameworks/XCTest.framework; sourceTree = DEVELOPER_DIR; };
		B0BFBB3418F0E8CE00E61FE4 /* FunWithDatesTests-Info.plist */ = {isa = PBXFileReference; lastKnownFileType = text.plist.xml; path = "FunWithDatesTests-Info.plist"; sourceTree = "<group>"; };
		B0BFBB3618F0E8CE00E61FE4 /* en */ = {isa = PBXFileReference; lastKnownFileType = text.plist.strings; name = en; path = en.lproj/InfoPlist.strings; sourceTree = "<group>"; };
		B0BFBB3818F0E8CE00E61FE4 /* FunWithDatesTests.m */ = {isa = PBXFileReference; lastKnownFileType = sourcecode.c.objc; path = FunWithDatesTests.m; sourceTree = "<group>"; };
/* End PBXFileReference section */

/* Begin PBXFrameworksBuildPhase section */
		B0BFBB0718F0E8CE00E61FE4 /* Frameworks */ = {
			isa = PBXFrameworksBuildPhase;
			buildActionMask = 2147483647;
			files = (
				B0BFBB1018F0E8CE00E61FE4 /* CoreGraphics.framework in Frameworks */,
				B0BFBB1218F0E8CE00E61FE4 /* UIKit.framework in Frameworks */,
				B0BFBB0E18F0E8CE00E61FE4 /* Foundation.framework in Frameworks */,
			);
			runOnlyForDeploymentPostprocessing = 0;
		};
		B0BFBB2818F0E8CE00E61FE4 /* Frameworks */ = {
			isa = PBXFrameworksBuildPhase;
			buildActionMask = 2147483647;
			files = (
				B0BFBB2D18F0E8CE00E61FE4 /* XCTest.framework in Frameworks */,
				B0BFBB2F18F0E8CE00E61FE4 /* UIKit.framework in Frameworks */,
				B0BFBB2E18F0E8CE00E61FE4 /* Foundation.framework in Frameworks */,
			);
			runOnlyForDeploymentPostprocessing = 0;
		};
/* End PBXFrameworksBuildPhase section */

/* Begin PBXGroup section */
		B0BFBB0118F0E8CE00E61FE4 = {
			isa = PBXGroup;
			children = (
				B0BFBB1318F0E8CE00E61FE4 /* FunWithDates */,
				B0BFBB3218F0E8CE00E61FE4 /* FunWithDatesTests */,
				B0BFBB0C18F0E8CE00E61FE4 /* Frameworks */,
				B0BFBB0B18F0E8CE00E61FE4 /* Products */,
			);
			sourceTree = "<group>";
		};
		B0BFBB0B18F0E8CE00E61FE4 /* Products */ = {
			isa = PBXGroup;
			children = (
				B0BFBB0A18F0E8CE00E61FE4 /* FunWithDates.app */,
				B0BFBB2B18F0E8CE00E61FE4 /* FunWithDatesTests.xctest */,
			);
			name = Products;
			sourceTree = "<group>";
		};
		B0BFBB0C18F0E8CE00E61FE4 /* Frameworks */ = {
			isa = PBXGroup;
			children = (
				B0BFBB0D18F0E8CE00E61FE4 /* Foundation.framework */,
				B0BFBB0F18F0E8CE00E61FE4 /* CoreGraphics.framework */,
				B0BFBB1118F0E8CE00E61FE4 /* UIKit.framework */,
				B0BFBB2C18F0E8CE00E61FE4 /* XCTest.framework */,
			);
			name = Frameworks;
			sourceTree = "<group>";
		};
		B0BFBB1318F0E8CE00E61FE4 /* FunWithDates */ = {
			isa = PBXGroup;
			children = (
				B0BFBB1C18F0E8CE00E61FE4 /* JHFAppDelegate.h */,
				B0BFBB1D18F0E8CE00E61FE4 /* JHFAppDelegate.m */,
				B0BFBB1F18F0E8CE00E61FE4 /* Main.storyboard */,
				B0BFBB2218F0E8CE00E61FE4 /* JHFViewController.h */,
				B0BFBB2318F0E8CE00E61FE4 /* JHFViewController.m */,
				B0BFBB2518F0E8CE00E61FE4 /* Images.xcassets */,
				B0BFBB1418F0E8CE00E61FE4 /* Supporting Files */,
			);
			path = FunWithDates;
			sourceTree = "<group>";
		};
		B0BFBB1418F0E8CE00E61FE4 /* Supporting Files */ = {
			isa = PBXGroup;
			children = (
				B0BFBB1518F0E8CE00E61FE4 /* FunWithDates-Info.plist */,
				B0BFBB1618F0E8CE00E61FE4 /* InfoPlist.strings */,
				B0BFBB1918F0E8CE00E61FE4 /* main.m */,
				B0BFBB1B18F0E8CE00E61FE4 /* FunWithDates-Prefix.pch */,
			);
			name = "Supporting Files";
			sourceTree = "<group>";
		};
		B0BFBB3218F0E8CE00E61FE4 /* FunWithDatesTests */ = {
			isa = PBXGroup;
			children = (
				B0BFBB3818F0E8CE00E61FE4 /* FunWithDatesTests.m */,
				B0BFBB3318F0E8CE00E61FE4 /* Supporting Files */,
			);
			path = FunWithDatesTests;
			sourceTree = "<group>";
		};
		B0BFBB3318F0E8CE00E61FE4 /* Supporting Files */ = {
			isa = PBXGroup;
			children = (
				B0BFBB3418F0E8CE00E61FE4 /* FunWithDatesTests-Info.plist */,
				B0BFBB3518F0E8CE00E61FE4 /* InfoPlist.strings */,
			);
			name = "Supporting Files";
			sourceTree = "<group>";
		};
/* End PBXGroup section */

/* Begin PBXNativeTarget section */
		B0BFBB0918F0E8CE00E61FE4 /* FunWithDates */ = {
			isa = PBXNativeTarget;
			buildConfigurationList = B0BFBB3C18F0E8CE00E61FE4 /* Build configuration list for PBXNativeTarget "FunWithDates" */;
			buildPhases = (
				B0BFBB0618F0E8CE00E61FE4 /* Sources */,
				B0BFBB0718F0E8CE00E61FE4 /* Frameworks */,
				B0BFBB0818F0E8CE00E61FE4 /* Resources */,
			);
			buildRules = (
			);
			dependencies = (
			);
			name = FunWithDates;
			productName = FunWithDates;
			productReference = B0BFBB0A18F0E8CE00E61FE4 /* FunWithDates.app */;
			productType = "com.apple.product-type.application";
		};
		B0BFBB2A18F0E8CE00E61FE4 /* FunWithDatesTests */ = {
			isa = PBXNativeTarget;
			buildConfigurationList = B0BFBB3F18F0E8CE00E61FE4 /* Build configuration list for PBXNativeTarget "FunWithDatesTests" */;
			buildPhases = (
				B0BFBB2718F0E8CE00E61FE4 /* Sources */,
				B0BFBB2818F0E8CE00E61FE4 /* Frameworks */,
				B0BFBB2918F0E8CE00E61FE4 /* Resources */,
			);
			buildRules = (
			);
			dependencies = (
				B0BFBB3118F0E8CE00E61FE4 /* PBXTargetDependency */,
			);
			name = FunWithDatesTests;
			productName = FunWithDatesTests;
			productReference = B0BFBB2B18F0E8CE00E61FE4 /* FunWithDatesTests.xctest */;
			productType = "com.apple.product-type.bundle.unit-test";
		};
/* End PBXNativeTarget section */

/* Begin PBXProject section */
		B0BFBB0218F0E8CE00E61FE4 /* Project object */ = {
			isa = PBXProject;
			attributes = {
				CLASSPREFIX = JHF;
				LastUpgradeCheck = 0510;
				ORGANIZATIONNAME = "Jon Fox";
				TargetAttributes = {
					B0BFBB2A18F0E8CE00E61FE4 = {
						TestTargetID = B0BFBB0918F0E8CE00E61FE4;
					};
				};
			};
			buildConfigurationList = B0BFBB0518F0E8CE00E61FE4 /* Build configuration list for PBXProject "FunWithDates" */;
			compatibilityVersion = "Xcode 3.2";
			developmentRegion = English;
			hasScannedForEncodings = 0;
			knownRegions = (
				en,
				Base,
			);
			mainGroup = B0BFBB0118F0E8CE00E61FE4;
			productRefGroup = B0BFBB0B18F0E8CE00E61FE4 /* Products */;
			projectDirPath = "";
			projectRoot = "";
			targets = (
				B0BFBB0918F0E8CE00E61FE4 /* FunWithDates */,
				B0BFBB2A18F0E8CE00E61FE4 /* FunWithDatesTests */,
			);
		};
/* End PBXProject section */

/* Begin PBXResourcesBuildPhase section */
		B0BFBB0818F0E8CE00E61FE4 /* Resources */ = {
			isa = PBXResourcesBuildPhase;
			buildActionMask = 2147483647;
			files = (
				B0BFBB2618F0E8CE00E61FE4 /* Images.xcassets in Resources */,
				B0BFBB1818F0E8CE00E61FE4 /* InfoPlist.strings in Resources */,
				B0BFBB2118F0E8CE00E61FE4 /* Main.storyboard in Resources */,
			);
			runOnlyForDeploymentPostprocessing = 0;
		};
		B0BFBB2918F0E8CE00E61FE4 /* Resources */ = {
			isa = PBXResourcesBuildPhase;
			buildActionMask = 2147483647;
			files = (
				B0BFBB3718F0E8CE00E61FE4 /* InfoPlist.strings in Resources */,
			);
			runOnlyForDeploymentPostprocessing = 0;
		};
/* End PBXResourcesBuildPhase section */

/* Begin PBXSourcesBuildPhase section */
		B0BFBB0618F0E8CE00E61FE4 /* Sources */ = {
			isa = PBXSourcesBuildPhase;
			buildActionMask = 2147483647;
			files = (
				B0BFBB2418F0E8CE00E61FE4 /* JHFViewController.m in Sources */,
				B0BFBB1A18F0E8CE00E61FE4 /* main.m in Sources */,
				B0BFBB1E18F0E8CE00E61FE4 /* JHFAppDelegate.m in Sources */,
			);
			runOnlyForDeploymentPostprocessing = 0;
		};
		B0BFBB2718F0E8CE00E61FE4 /* Sources */ = {
			isa = PBXSourcesBuildPhase;
			buildActionMask = 2147483647;
			files = (
				B0BFBB3918F0E8CE00E61FE4 /* FunWithDatesTests.m in Sources */,
			);
			runOnlyForDeploymentPostprocessing = 0;
		};
/* End PBXSourcesBuildPhase section */

/* Begin PBXTargetDependency section */
		B0BFBB3118F0E8CE00E61FE4 /* PBXTargetDependency */ = {
			isa = PBXTargetDependency;
			target = B0BFBB0918F0E8CE00E61FE4 /* FunWithDates */;
			targetProxy = B0BFBB3018F0E8CE00E61FE4 /* PBXContainerItemProxy */;
		};
/* End PBXTargetDependency section */

/* Begin PBXVariantGroup section */
		B0BFBB1618F0E8CE00E61FE4 /* InfoPlist.strings */ = {
			isa = PBXVariantGroup;
			children = (
				B0BFBB1718F0E8CE00E61FE4 /* en */,
			);
			name = InfoPlist.strings;
			sourceTree = "<group>";
		};
		B0BFBB1F18F0E8CE00E61FE4 /* Main.storyboard */ = {
			isa = PBXVariantGroup;
			children = (
				B0BFBB2018F0E8CE00E61FE4 /* Base */,
			);
			name = Main.storyboard;
			sourceTree = "<group>";
		};
		B0BFBB3518F0E8CE00E61FE4 /* InfoPlist.strings */ = {
			isa = PBXVariantGroup;
			children = (
				B0BFBB3618F0E8CE00E61FE4 /* en */,
			);
			name = InfoPlist.strings;
			sourceTree = "<group>";
		};
/* End PBXVariantGroup section */

/* Begin XCBuildConfiguration section */
		B0BFBB3A18F0E8CE00E61FE4 /* Debug */ = {
			isa = XCBuildConfiguration;
			buildSettings = {
				ALWAYS_SEARCH_USER_PATHS = NO;
				CLANG_CXX_LANGUAGE_STANDARD = "gnu++0x";
				CLANG_CXX_LIBRARY = "libc++";
				CLANG_ENABLE_MODULES = YES;
				CLANG_ENABLE_OBJC_ARC = YES;
				CLANG_WARN_BOOL_CONVERSION = YES;
				CLANG_WARN_CONSTANT_CONVERSION = YES;
				CLANG_WARN_DIRECT_OBJC_ISA_USAGE = YES_ERROR;
				CLANG_WARN_EMPTY_BODY = YES;
				CLANG_WARN_ENUM_CONVERSION = YES;
				CLANG_WARN_INT_CONVERSION = YES;
				CLANG_WARN_OBJC_ROOT_CLASS = YES_ERROR;
				CLANG_WARN__DUPLICATE_METHOD_MATCH = YES;
				"CODE_SIGN_IDENTITY[sdk=iphoneos*]" = "iPhone Developer";
				COPY_PHASE_STRIP = NO;
				GCC_C_LANGUAGE_STANDARD = gnu99;
				GCC_DYNAMIC_NO_PIC = NO;
				GCC_OPTIMIZATION_LEVEL = 0;
				GCC_PREPROCESSOR_DEFINITIONS = (
					"DEBUG=1",
					"$(inherited)",
				);
				GCC_SYMBOLS_PRIVATE_EXTERN = NO;
				GCC_WARN_64_TO_32_BIT_CONVERSION = YES;
				GCC_WARN_ABOUT_RETURN_TYPE = YES_ERROR;
				GCC_WARN_UNDECLARED_SELECTOR = YES;
				GCC_WARN_UNINITIALIZED_AUTOS = YES_AGGRESSIVE;
				GCC_WARN_UNUSED_FUNCTION = YES;
				GCC_WARN_UNUSED_VARIABLE = YES;
				IPHONEOS_DEPLOYMENT_TARGET = 7.1;
				ONLY_ACTIVE_ARCH = YES;
				SDKROOT = iphoneos;
			};
			name = Debug;
		};
		B0BFBB3B18F0E8CE00E61FE4 /* Release */ = {
			isa = XCBuildConfiguration;
			buildSettings = {
				ALWAYS_SEARCH_USER_PATHS = NO;
				CLANG_CXX_LANGUAGE_STANDARD = "gnu++0x";
				CLANG_CXX_LIBRARY = "libc++";
				CLANG_ENABLE_MODULES = YES;
				CLANG_ENABLE_OBJC_ARC = YES;
				CLANG_WARN_BOOL_CONVERSION = YES;
				CLANG_WARN_CONSTANT_CONVERSION = YES;
				CLANG_WARN_DIRECT_OBJC_ISA_USAGE = YES_ERROR;
				CLANG_WARN_EMPTY_BODY = YES;
				CLANG_WARN_ENUM_CONVERSION = YES;
				CLANG_WARN_INT_CONVERSION = YES;
				CLANG_WARN_OBJC_ROOT_CLASS = YES_ERROR;
				CLANG_WARN__DUPLICATE_METHOD_MATCH = YES;
				"CODE_SIGN_IDENTITY[sdk=iphoneos*]" = "iPhone Developer";
				COPY_PHASE_STRIP = YES;
				ENABLE_NS_ASSERTIONS = NO;
				GCC_C_LANGUAGE_STANDARD = gnu99;
				GCC_WARN_64_TO_32_BIT_CONVERSION = YES;
				GCC_WARN_ABOUT_RETURN_TYPE = YES_ERROR;
				GCC_WARN_UNDECLARED_SELECTOR = YES;
				GCC_WARN_UNINITIALIZED_AUTOS = YES_AGGRESSIVE;
				GCC_WARN_UNUSED_FUNCTION = YES;
				GCC_WARN_UNUSED_VARIABLE = YES;
				IPHONEOS_DEPLOYMENT_TARGET = 7.1;
				SDKROOT = iphoneos;
				VALIDATE_PRODUCT = YES;
			};
			name = Release;
		};
		B0BFBB3D18F0E8CE00E61FE4 /* Debug */ = {
			isa = XCBuildConfiguration;
			buildSettings = {
				ASSETCATALOG_COMPILER_APPICON_NAME = AppIcon;
				ASSETCATALOG_COMPILER_LAUNCHIMAGE_NAME = LaunchImage;
				GCC_PRECOMPILE_PREFIX_HEADER = YES;
				GCC_PREFIX_HEADER = "FunWithDates/FunWithDates-Prefix.pch";
				INFOPLIST_FILE = "FunWithDates/FunWithDates-Info.plist";
				PRODUCT_NAME = "$(TARGET_NAME)";
				WRAPPER_EXTENSION = app;
			};
			name = Debug;
		};
		B0BFBB3E18F0E8CE00E61FE4 /* Release */ = {
			isa = XCBuildConfiguration;
			buildSettings = {
				ASSETCATALOG_COMPILER_APPICON_NAME = AppIcon;
				ASSETCATALOG_COMPILER_LAUNCHIMAGE_NAME = LaunchImage;
				GCC_PRECOMPILE_PREFIX_HEADER = YES;
				GCC_PREFIX_HEADER = "FunWithDates/FunWithDates-Prefix.pch";
				INFOPLIST_FILE = "FunWithDates/FunWithDates-Info.plist";
				PRODUCT_NAME = "$(TARGET_NAME)";
				WRAPPER_EXTENSION = app;
			};
			name = Release;
		};
		B0BFBB4018F0E8CE00E61FE4 /* Debug */ = {
			isa = XCBuildConfiguration;
			buildSettings = {
				BUNDLE_LOADER = "$(BUILT_PRODUCTS_DIR)/FunWithDates.app/FunWithDates";
				FRAMEWORK_SEARCH_PATHS = (
					"$(SDKROOT)/Developer/Library/Frameworks",
					"$(inherited)",
					"$(DEVELOPER_FRAMEWORKS_DIR)",
				);
				GCC_PRECOMPILE_PREFIX_HEADER = YES;
				GCC_PREFIX_HEADER = "FunWithDates/FunWithDates-Prefix.pch";
				GCC_PREPROCESSOR_DEFINITIONS = (
					"DEBUG=1",
					"$(inherited)",
				);
				INFOPLIST_FILE = "FunWithDatesTests/FunWithDatesTests-Info.plist";
				PRODUCT_NAME = "$(TARGET_NAME)";
				TEST_HOST = "$(BUNDLE_LOADER)";
				WRAPPER_EXTENSION = xctest;
			};
			name = Debug;
		};
		B0BFBB4118F0E8CE00E61FE4 /* Release */ = {
			isa = XCBuildConfiguration;
			buildSettings = {
				BUNDLE_LOADER = "$(BUILT_PRODUCTS_DIR)/FunWithDates.app/FunWithDates";
				FRAMEWORK_SEARCH_PATHS = (
					"$(SDKROOT)/Developer/Library/Frameworks",
					"$(inherited)",
					"$(DEVELOPER_FRAMEWORKS_DIR)",
				);
				GCC_PRECOMPILE_PREFIX_HEADER = YES;
				GCC_PREFIX_HEADER = "FunWithDates/FunWithDates-Prefix.pch";
				INFOPLIST_FILE = "FunWithDatesTests/FunWithDatesTests-Info.plist";
				PRODUCT_NAME = "$(TARGET_NAME)";
				TEST_HOST = "$(BUNDLE_LOADER)";
				WRAPPER_EXTENSION = xctest;
			};
			name = Release;
		};
/* End XCBuildConfiguration section */

/* Begin XCConfigurationList section */
		B0BFBB0518F0E8CE00E61FE4 /* Build configuration list for PBXProject "FunWithDates" */ = {
			isa = XCConfigurationList;
			buildConfigurations = (
				B0BFBB3A18F0E8CE00E61FE4 /* Debug */,
				B0BFBB3B18F0E8CE00E61FE4 /* Release */,
			);
			defaultConfigurationIsVisible = 0;
			defaultConfigurationName = Release;
		};
		B0BFBB3C18F0E8CE00E61FE4 /* Build configuration list for PBXNativeTarget "FunWithDates" */ = {
			isa = XCConfigurationList;
			buildConfigurations = (
				B0BFBB3D18F0E8CE00E61FE4 /* Debug */,
				B0BFBB3E18F0E8CE00E61FE4 /* Release */,
			);
			defaultConfigurationIsVisible = 0;
		};
		B0BFBB3F18F0E8CE00E61FE4 /* Build configuration list for PBXNativeTarget "FunWithDatesTests" */ = {
			isa = XCConfigurationList;
			buildConfigurations = (
				B0BFBB4018F0E8CE00E61FE4 /* Debug */,
				B0BFBB4118F0E8CE00E61FE4 /* Release */,
			);
			defaultConfigurationIsVisible = 0;
		};
/* End XCConfigurationList section */
	};
	rootObject = B0BFBB0218F0E8CE00E61FE4 /* Project object */;
}
